// !$*UTF8*$!
{
	archiveVersion = 1;
	classes = {
	};
	objectVersion = 46;
	objects = {

/* Begin PBXAggregateTarget section */
		9FBD6E5E220D9D634C85B459 /* LinearPredictionCoder - All */ = {
			isa = PBXAggregateTarget;
			buildConfigurationList = E937E9C1CEC1D49E4B8787A5 /* Build configuration list for PBXAggregateTarget "LinearPredictionCoder - All" */;
			buildPhases = (
				235579B8EE768A1BE70E7C47 /* Embed Frameworks */,
				EF32F30DA5AAE09FD1D3CEC2 /* Post-build script */,
			);
			dependencies = (
				8E27D7BF02E3B0463C9E50B6 /* PBXTargetDependency */,
				C601B0E5F62C24DB1EA88298 /* PBXTargetDependency */,
				F989AD7ED6BEC0B3B2EB0AA4 /* PBXTargetDependency */,
				6D370D115BF0A9D7343F58CF /* PBXTargetDependency */,
			);
			name = "LinearPredictionCoder - All";
			productName = LinearPredictionCoder;
		};
/* End PBXAggregateTarget section */

/* Begin PBXBuildFile section */
		03867F67BAA49A5D3F4F1258 /* include_juce_gui_extra.mm in Sources */ = {isa = PBXBuildFile; fileRef = ABEE3BB449D91DF120C7E0F1 /* include_juce_gui_extra.mm */; };
		0F14C59F068AE9B8A9151DBA /* include_juce_audio_plugin_client_Standalone.cpp in Sources */ = {isa = PBXBuildFile; fileRef = D26BA2A86350FAF16EBC0867 /* include_juce_audio_plugin_client_Standalone.cpp */; };
		132885CAE30BE89244F44031 /* RecentFilesMenuTemplate.nib in Resources */ = {isa = PBXBuildFile; fileRef = A7B59DE6CF42C0685969A48C /* RecentFilesMenuTemplate.nib */; };
		1732D43F713A8A346BDE0362 /* DiscRecording.framework in Frameworks */ = {isa = PBXBuildFile; fileRef = 9EFBEBDD516250F5232C25EB /* DiscRecording.framework */; };
		25272978C9F0860DB1708F0D /* include_juce_data_structures.mm in Sources */ = {isa = PBXBuildFile; fileRef = 599FA2F8D014D711AF1EFA53 /* include_juce_data_structures.mm */; };
		302D7EAD2266396700826CBA /* dynamic_delay.cpp in Embed Frameworks */ = {isa = PBXBuildFile; fileRef = 302D7EAB2266396700826CBA /* dynamic_delay.cpp */; };
		302D7EAE2266396700826CBA /* dynamic_delay.cpp in Sources */ = {isa = PBXBuildFile; fileRef = 302D7EAB2266396700826CBA /* dynamic_delay.cpp */; };
		302D7EAF2266396700826CBA /* dynamic_delay.cpp in Sources */ = {isa = PBXBuildFile; fileRef = 302D7EAB2266396700826CBA /* dynamic_delay.cpp */; };
		302D7EB02266396700826CBA /* dynamic_delay.cpp in Sources */ = {isa = PBXBuildFile; fileRef = 302D7EAB2266396700826CBA /* dynamic_delay.cpp */; };
		302D7EB12266396700826CBA /* dynamic_delay.cpp in Sources */ = {isa = PBXBuildFile; fileRef = 302D7EAB2266396700826CBA /* dynamic_delay.cpp */; };
		302D7EB22266396700826CBA /* dynamic_delay.hpp in Embed Frameworks */ = {isa = PBXBuildFile; fileRef = 302D7EAC2266396700826CBA /* dynamic_delay.hpp */; };
		309BA14E225FDF0900A9EB19 /* libsndfile.1.dylib in Embed Frameworks */ = {isa = PBXBuildFile; fileRef = 57CEF0156DB48DE0BD040797 /* libsndfile.1.dylib */; };
		309BA14F225FDF0900A9EB19 /* libsndfile.1.dylib in Embed Frameworks */ = {isa = PBXBuildFile; fileRef = 57CEF0156DB48DE0BD040797 /* libsndfile.1.dylib */; };
		309BA150225FDF0900A9EB19 /* libsndfile.1.dylib in Frameworks */ = {isa = PBXBuildFile; fileRef = 57CEF0156DB48DE0BD040797 /* libsndfile.1.dylib */; };
		309BA151225FDF0900A9EB19 /* libsndfile.1.dylib in Embed Frameworks */ = {isa = PBXBuildFile; fileRef = 57CEF0156DB48DE0BD040797 /* libsndfile.1.dylib */; };
		309BA152225FDF0900A9EB19 /* RecentFilesMenuTemplate.nib in Resources */ = {isa = PBXBuildFile; fileRef = A7B59DE6CF42C0685969A48C /* RecentFilesMenuTemplate.nib */; };
		309BA153225FDF0900A9EB19 /* Accelerate.framework in Frameworks */ = {isa = PBXBuildFile; fileRef = 98B6979B5A55D51F0F21BE36 /* Accelerate.framework */; };
		309BA154225FDF0900A9EB19 /* AudioToolbox.framework in Frameworks */ = {isa = PBXBuildFile; fileRef = AD8701F33A1609C2CB30A571 /* AudioToolbox.framework */; };
		309BA155225FDF0900A9EB19 /* Carbon.framework in Frameworks */ = {isa = PBXBuildFile; fileRef = BB2B2C4E1FE8188C153FC7B2 /* Carbon.framework */; };
		309BA156225FDF0900A9EB19 /* Cocoa.framework in Frameworks */ = {isa = PBXBuildFile; fileRef = 0DBA41F648DEDE444489DF32 /* Cocoa.framework */; };
		309BA157225FDF0900A9EB19 /* CoreAudio.framework in Frameworks */ = {isa = PBXBuildFile; fileRef = CA3AAFA049B717361BA6CFA9 /* CoreAudio.framework */; };
		309BA158225FDF0900A9EB19 /* CoreMIDI.framework in Frameworks */ = {isa = PBXBuildFile; fileRef = A75D248A488B982391092D0C /* CoreMIDI.framework */; };
		309BA159225FDF0900A9EB19 /* DiscRecording.framework in Frameworks */ = {isa = PBXBuildFile; fileRef = 9EFBEBDD516250F5232C25EB /* DiscRecording.framework */; };
		309BA15A225FDF0900A9EB19 /* IOKit.framework in Frameworks */ = {isa = PBXBuildFile; fileRef = 47F58F106A541FDF40FE6B34 /* IOKit.framework */; };
		309BA15B225FDF0900A9EB19 /* OpenGL.framework in Frameworks */ = {isa = PBXBuildFile; fileRef = 049D2DB79355A70D0FB5AB18 /* OpenGL.framework */; };
		309BA15C225FDF0900A9EB19 /* QuartzCore.framework in Frameworks */ = {isa = PBXBuildFile; fileRef = F142919EE05463B5A2393AC4 /* QuartzCore.framework */; };
		309BA15D225FDF0900A9EB19 /* WebKit.framework in Frameworks */ = {isa = PBXBuildFile; fileRef = DC46DC086F8816C025D615C2 /* WebKit.framework */; };
		309BA15E225FDF0900A9EB19 /* libsndfile.1.dylib in Frameworks */ = {isa = PBXBuildFile; fileRef = 57CEF0156DB48DE0BD040797 /* libsndfile.1.dylib */; };
		309BA15F225FDF0900A9EB19 /* libsndfile.1.dylib in Embed Frameworks */ = {isa = PBXBuildFile; fileRef = 57CEF0156DB48DE0BD040797 /* libsndfile.1.dylib */; };
		309BA160225FDF0900A9EB19 /* RecentFilesMenuTemplate.nib in Resources */ = {isa = PBXBuildFile; fileRef = A7B59DE6CF42C0685969A48C /* RecentFilesMenuTemplate.nib */; };
		309BA161225FDF0900A9EB19 /* Accelerate.framework in Frameworks */ = {isa = PBXBuildFile; fileRef = 98B6979B5A55D51F0F21BE36 /* Accelerate.framework */; };
		309BA162225FDF0900A9EB19 /* AudioToolbox.framework in Frameworks */ = {isa = PBXBuildFile; fileRef = AD8701F33A1609C2CB30A571 /* AudioToolbox.framework */; };
		309BA163225FDF0900A9EB19 /* Carbon.framework in Frameworks */ = {isa = PBXBuildFile; fileRef = BB2B2C4E1FE8188C153FC7B2 /* Carbon.framework */; };
		309BA164225FDF0900A9EB19 /* Cocoa.framework in Frameworks */ = {isa = PBXBuildFile; fileRef = 0DBA41F648DEDE444489DF32 /* Cocoa.framework */; };
		309BA165225FDF0900A9EB19 /* CoreAudio.framework in Frameworks */ = {isa = PBXBuildFile; fileRef = CA3AAFA049B717361BA6CFA9 /* CoreAudio.framework */; };
		309BA166225FDF0900A9EB19 /* CoreMIDI.framework in Frameworks */ = {isa = PBXBuildFile; fileRef = A75D248A488B982391092D0C /* CoreMIDI.framework */; };
		309BA167225FDF0900A9EB19 /* DiscRecording.framework in Frameworks */ = {isa = PBXBuildFile; fileRef = 9EFBEBDD516250F5232C25EB /* DiscRecording.framework */; };
		309BA168225FDF0900A9EB19 /* IOKit.framework in Frameworks */ = {isa = PBXBuildFile; fileRef = 47F58F106A541FDF40FE6B34 /* IOKit.framework */; };
		309BA169225FDF0900A9EB19 /* OpenGL.framework in Frameworks */ = {isa = PBXBuildFile; fileRef = 049D2DB79355A70D0FB5AB18 /* OpenGL.framework */; };
		309BA16A225FDF0900A9EB19 /* QuartzCore.framework in Frameworks */ = {isa = PBXBuildFile; fileRef = F142919EE05463B5A2393AC4 /* QuartzCore.framework */; };
		309BA16B225FDF0900A9EB19 /* WebKit.framework in Frameworks */ = {isa = PBXBuildFile; fileRef = DC46DC086F8816C025D615C2 /* WebKit.framework */; };
		309BA16C225FDF0900A9EB19 /* libsndfile.1.dylib in Frameworks */ = {isa = PBXBuildFile; fileRef = 57CEF0156DB48DE0BD040797 /* libsndfile.1.dylib */; };
		312FEB5543E47E476AA8B550 /* include_juce_audio_plugin_client_VST3.cpp in Sources */ = {isa = PBXBuildFile; fileRef = 70FB9FD4C4B9862971A2221B /* include_juce_audio_plugin_client_VST3.cpp */; };
		3823459E37E3FDF27EC80124 /* QuartzCore.framework in Frameworks */ = {isa = PBXBuildFile; fileRef = F142919EE05463B5A2393AC4 /* QuartzCore.framework */; };
		3882AB7C64B21A681EAE23C8 /* Accelerate.framework in Frameworks */ = {isa = PBXBuildFile; fileRef = 98B6979B5A55D51F0F21BE36 /* Accelerate.framework */; };
		3946171455E3DA05DE9F272E /* PluginProcessor.cpp in Sources */ = {isa = PBXBuildFile; fileRef = 5714E49DD9E95044BCEB79FA /* PluginProcessor.cpp */; };
		39BA97ACE59D5F1F8FCEB56C /* BinaryData.cpp in Sources */ = {isa = PBXBuildFile; fileRef = 7D4567615B31E746355EF80D /* BinaryData.cpp */; };
		441CFF8CADBA97AE5AAAD0B8 /* CoreAudioKit.framework in Frameworks */ = {isa = PBXBuildFile; fileRef = FEF6B069AB6FC153CDE39789 /* CoreAudioKit.framework */; };
		4B217F0F42455791B1C2AFF2 /* include_juce_audio_plugin_client_utils.cpp in Sources */ = {isa = PBXBuildFile; fileRef = 2B63319AE93C712CA3F2F9DC /* include_juce_audio_plugin_client_utils.cpp */; };
		4D9C4DD493972692D24B5518 /* include_juce_audio_basics.mm in Sources */ = {isa = PBXBuildFile; fileRef = 09357BF355291836843C1A0E /* include_juce_audio_basics.mm */; };
		5485475245FE4288B81DA3C8 /* libsndfile.1.dylib in Embed Frameworks */ = {isa = PBXBuildFile; fileRef = 57CEF0156DB48DE0BD040797 /* libsndfile.1.dylib */; settings = {ATTRIBUTES = (CodeSignOnCopy, RemoveHeadersOnCopy, ); }; };
		5530E79AC2D07AB0FBB9DB13 /* include_juce_audio_plugin_client_AU_1.mm in Sources */ = {isa = PBXBuildFile; fileRef = 667306A1D015CC272E28AAA2 /* include_juce_audio_plugin_client_AU_1.mm */; };
		566133B66C5F5C95DD4C0597 /* include_juce_gui_basics.mm in Sources */ = {isa = PBXBuildFile; fileRef = 4FC2603BA5A87BE44FE61BEF /* include_juce_gui_basics.mm */; };
		57BD6454A96783CB146992C6 /* IOKit.framework in Frameworks */ = {isa = PBXBuildFile; fileRef = 47F58F106A541FDF40FE6B34 /* IOKit.framework */; };
		5F2BC48F248F7083A0234A71 /* include_juce_audio_plugin_client_AU_2.mm in Sources */ = {isa = PBXBuildFile; fileRef = 38B2E334BE88D0577B1C89AC /* include_juce_audio_plugin_client_AU_2.mm */; };
		660B8005D45876322D668D9D /* include_juce_audio_processors.mm in Sources */ = {isa = PBXBuildFile; fileRef = 9DD767CE6CA25B38A8686488 /* include_juce_audio_processors.mm */; };
		6E5BFD2CA4AF187ABD8CD87E /* AudioToolbox.framework in Frameworks */ = {isa = PBXBuildFile; fileRef = AD8701F33A1609C2CB30A571 /* AudioToolbox.framework */; };
		72D2D43AC60F4B2CA7BD4744 /* include_juce_graphics.mm in Sources */ = {isa = PBXBuildFile; fileRef = 1EFAD4FE948C2B661ECCAEB9 /* include_juce_graphics.mm */; };
		7AE6ECCD42F830C1F5B223B5 /* include_juce_audio_plugin_client_VST_utils.mm in Sources */ = {isa = PBXBuildFile; fileRef = AC6AF94BC994351D33F06AAB /* include_juce_audio_plugin_client_VST_utils.mm */; };
		7BFF6C2E3418E8B58F2516EB /* include_juce_opengl.mm in Sources */ = {isa = PBXBuildFile; fileRef = 0B9585ED7AB95FAAA9CE7A26 /* include_juce_opengl.mm */; };
		82232386245796BD94B47150 /* include_juce_audio_devices.mm in Sources */ = {isa = PBXBuildFile; fileRef = 96317D41C19162AACF5FFBA9 /* include_juce_audio_devices.mm */; };
		85ACAFBCC7A054A82EB497C2 /* CoreAudio.framework in Frameworks */ = {isa = PBXBuildFile; fileRef = CA3AAFA049B717361BA6CFA9 /* CoreAudio.framework */; };
		A557E8CFB7F67C6260A7F445 /* CoreMIDI.framework in Frameworks */ = {isa = PBXBuildFile; fileRef = A75D248A488B982391092D0C /* CoreMIDI.framework */; };
		ADE8855BD54B3735C8CB6D27 /* include_juce_cryptography.mm in Sources */ = {isa = PBXBuildFile; fileRef = 913A9A40FCFF4BB75CB00640 /* include_juce_cryptography.mm */; };
		B0CCF45D66EDB11EB12A27E7 /* PluginEditor.cpp in Sources */ = {isa = PBXBuildFile; fileRef = E9B1C22180227DC8A3782E73 /* PluginEditor.cpp */; };
		B1A07867D3A856E293293E56 /* AudioUnit.framework in Frameworks */ = {isa = PBXBuildFile; fileRef = AA13D91AA739CD61FF160F1B /* AudioUnit.framework */; };
		B35349380FDF656D6B8C91A4 /* include_juce_audio_plugin_client_AU.r in Rez */ = {isa = PBXBuildFile; fileRef = 8CE25240D3FE156840F41A04 /* include_juce_audio_plugin_client_AU.r */; };
		C10A2E8D86AEFC03D8798B15 /* include_juce_core.mm in Sources */ = {isa = PBXBuildFile; fileRef = 440C72ECA8E652B36B22FEC0 /* include_juce_core.mm */; };
		C19F221996CC655CCD0A395B /* Cocoa.framework in Frameworks */ = {isa = PBXBuildFile; fileRef = 0DBA41F648DEDE444489DF32 /* Cocoa.framework */; };
		C34A7102E220305BDAC497CF /* include_juce_audio_formats.mm in Sources */ = {isa = PBXBuildFile; fileRef = 474F48112A38EA49E53B914D /* include_juce_audio_formats.mm */; };
		C35B7FC849CD09B8A3AAA3ED /* WebKit.framework in Frameworks */ = {isa = PBXBuildFile; fileRef = DC46DC086F8816C025D615C2 /* WebKit.framework */; };
		D64678433175D6EEB609B0B8 /* OpenGL.framework in Frameworks */ = {isa = PBXBuildFile; fileRef = 049D2DB79355A70D0FB5AB18 /* OpenGL.framework */; };
		F0DD59671588AC375D68CC56 /* Carbon.framework in Frameworks */ = {isa = PBXBuildFile; fileRef = BB2B2C4E1FE8188C153FC7B2 /* Carbon.framework */; };
		FB84AF8A9EAD746D7EA12101 /* include_juce_audio_utils.mm in Sources */ = {isa = PBXBuildFile; fileRef = 6EA5FCB87A6C988C70D99E36 /* include_juce_audio_utils.mm */; };
		FF57091374BCA5F565C72AF8 /* include_juce_events.mm in Sources */ = {isa = PBXBuildFile; fileRef = BFFA8F69592E30C2A2DCD9A6 /* include_juce_events.mm */; };
/* End PBXBuildFile section */

/* Begin PBXContainerItemProxy section */
		309BA16D225FDF0900A9EB19 /* PBXContainerItemProxy */ = {
			isa = PBXContainerItemProxy;
			containerPortal = 4D6104ECD2DEFDD7D6E81462 /* Project object */;
			proxyType = 1;
			remoteGlobalIDString = 1842372233E6B27E1AA3C7CA;
			remoteInfo = "LinearPredictionCoder - Shared Code";
		};
		309BA16E225FDF0A00A9EB19 /* PBXContainerItemProxy */ = {
			isa = PBXContainerItemProxy;
			containerPortal = 4D6104ECD2DEFDD7D6E81462 /* Project object */;
			proxyType = 1;
			remoteGlobalIDString = 5CF5A91F5BE3AC83E4FFE75D;
			remoteInfo = "LinearPredictionCoder - VST3";
		};
		309BA16F225FDF0A00A9EB19 /* PBXContainerItemProxy */ = {
			isa = PBXContainerItemProxy;
			containerPortal = 4D6104ECD2DEFDD7D6E81462 /* Project object */;
			proxyType = 1;
			remoteGlobalIDString = 9DB4C11075B821EB68013250;
			remoteInfo = "LinearPredictionCoder - AU";
		};
		309BA170225FDF0A00A9EB19 /* PBXContainerItemProxy */ = {
			isa = PBXContainerItemProxy;
			containerPortal = 4D6104ECD2DEFDD7D6E81462 /* Project object */;
			proxyType = 1;
			remoteGlobalIDString = 6ED691BDAA082159A2698471;
			remoteInfo = "LinearPredictionCoder - Standalone Plugin";
		};
/* End PBXContainerItemProxy section */

/* Begin PBXCopyFilesBuildPhase section */
		023BB7ACF26483950D84F32E /* Embed Frameworks */ = {
			isa = PBXCopyFilesBuildPhase;
			buildActionMask = 2147483647;
			dstPath = "";
			dstSubfolderSpec = 10;
			files = (
				5485475245FE4288B81DA3C8 /* libsndfile.1.dylib in Embed Frameworks */,
			);
			name = "Embed Frameworks";
			runOnlyForDeploymentPostprocessing = 0;
		};
		235579B8EE768A1BE70E7C47 /* Embed Frameworks */ = {
			isa = PBXCopyFilesBuildPhase;
			buildActionMask = 2147483647;
			dstPath = "";
			dstSubfolderSpec = 10;
			files = (
				309BA14E225FDF0900A9EB19 /* libsndfile.1.dylib in Embed Frameworks */,
				302D7EAD2266396700826CBA /* dynamic_delay.cpp in Embed Frameworks */,
				302D7EB22266396700826CBA /* dynamic_delay.hpp in Embed Frameworks */,
			);
			name = "Embed Frameworks";
			runOnlyForDeploymentPostprocessing = 0;
		};
		6120C3E44CD7852764EC2F80 /* Embed Frameworks */ = {
			isa = PBXCopyFilesBuildPhase;
			buildActionMask = 2147483647;
			dstPath = "";
			dstSubfolderSpec = 10;
			files = (
				309BA14F225FDF0900A9EB19 /* libsndfile.1.dylib in Embed Frameworks */,
			);
			name = "Embed Frameworks";
			runOnlyForDeploymentPostprocessing = 0;
		};
		765C6C6C1085DB483B6701DD /* Embed Frameworks */ = {
			isa = PBXCopyFilesBuildPhase;
			buildActionMask = 2147483647;
			dstPath = "";
			dstSubfolderSpec = 10;
			files = (
				309BA151225FDF0900A9EB19 /* libsndfile.1.dylib in Embed Frameworks */,
			);
			name = "Embed Frameworks";
			runOnlyForDeploymentPostprocessing = 0;
		};
		B323CA0AD5A5D3502D9A4D6A /* Embed Frameworks */ = {
			isa = PBXCopyFilesBuildPhase;
			buildActionMask = 2147483647;
			dstPath = "";
			dstSubfolderSpec = 10;
			files = (
				309BA15F225FDF0900A9EB19 /* libsndfile.1.dylib in Embed Frameworks */,
			);
			name = "Embed Frameworks";
			runOnlyForDeploymentPostprocessing = 0;
		};
/* End PBXCopyFilesBuildPhase section */

/* Begin PBXFileReference section */
		049D2DB79355A70D0FB5AB18 /* OpenGL.framework */ = {isa = PBXFileReference; lastKnownFileType = wrapper.framework; name = OpenGL.framework; path = System/Library/Frameworks/OpenGL.framework; sourceTree = SDKROOT; };
		09357BF355291836843C1A0E /* include_juce_audio_basics.mm */ = {isa = PBXFileReference; lastKnownFileType = sourcecode.cpp.objcpp; name = include_juce_audio_basics.mm; path = ../../JuceLibraryCode/include_juce_audio_basics.mm; sourceTree = SOURCE_ROOT; };
		0B9585ED7AB95FAAA9CE7A26 /* include_juce_opengl.mm */ = {isa = PBXFileReference; lastKnownFileType = sourcecode.cpp.objcpp; name = include_juce_opengl.mm; path = ../../JuceLibraryCode/include_juce_opengl.mm; sourceTree = SOURCE_ROOT; };
		0DBA41F648DEDE444489DF32 /* Cocoa.framework */ = {isa = PBXFileReference; lastKnownFileType = wrapper.framework; name = Cocoa.framework; path = System/Library/Frameworks/Cocoa.framework; sourceTree = SDKROOT; };
		1EFAD4FE948C2B661ECCAEB9 /* include_juce_graphics.mm */ = {isa = PBXFileReference; lastKnownFileType = sourcecode.cpp.objcpp; name = include_juce_graphics.mm; path = ../../JuceLibraryCode/include_juce_graphics.mm; sourceTree = SOURCE_ROOT; };
		269A07406EF5217A03FAF20D /* juce_gui_extra */ = {isa = PBXFileReference; lastKnownFileType = folder; name = juce_gui_extra; path = /Users/joerg/developer/lib/JUCE/modules/juce_gui_extra; sourceTree = "<absolute>"; };
		2B63319AE93C712CA3F2F9DC /* include_juce_audio_plugin_client_utils.cpp */ = {isa = PBXFileReference; lastKnownFileType = sourcecode.cpp.cpp; name = include_juce_audio_plugin_client_utils.cpp; path = ../../JuceLibraryCode/include_juce_audio_plugin_client_utils.cpp; sourceTree = SOURCE_ROOT; };
		302D7EAB2266396700826CBA /* dynamic_delay.cpp */ = {isa = PBXFileReference; lastKnownFileType = sourcecode.cpp.cpp; name = dynamic_delay.cpp; path = ../../Source/dynamic_delay.cpp; sourceTree = "<group>"; };
		302D7EAC2266396700826CBA /* dynamic_delay.hpp */ = {isa = PBXFileReference; lastKnownFileType = sourcecode.cpp.h; name = dynamic_delay.hpp; path = ../../Source/dynamic_delay.hpp; sourceTree = "<group>"; };
		32E1FABFCEB4F7027256A69F /* juce_audio_devices */ = {isa = PBXFileReference; lastKnownFileType = folder; name = juce_audio_devices; path = /Users/joerg/developer/lib/JUCE/modules/juce_audio_devices; sourceTree = "<absolute>"; };
		38B2E334BE88D0577B1C89AC /* include_juce_audio_plugin_client_AU_2.mm */ = {isa = PBXFileReference; lastKnownFileType = sourcecode.cpp.objcpp; name = include_juce_audio_plugin_client_AU_2.mm; path = ../../JuceLibraryCode/include_juce_audio_plugin_client_AU_2.mm; sourceTree = SOURCE_ROOT; };
		3923A45BB9F5313A856F8455 /* PluginProcessor.h */ = {isa = PBXFileReference; lastKnownFileType = sourcecode.c.h; name = PluginProcessor.h; path = ../../Source/PluginProcessor.h; sourceTree = SOURCE_ROOT; };
		3FC80C3372C5F93ECD9B2FD1 /* JuceHeader.h */ = {isa = PBXFileReference; lastKnownFileType = sourcecode.c.h; name = JuceHeader.h; path = ../../JuceLibraryCode/JuceHeader.h; sourceTree = SOURCE_ROOT; };
		440C72ECA8E652B36B22FEC0 /* include_juce_core.mm */ = {isa = PBXFileReference; lastKnownFileType = sourcecode.cpp.objcpp; name = include_juce_core.mm; path = ../../JuceLibraryCode/include_juce_core.mm; sourceTree = SOURCE_ROOT; };
		474F48112A38EA49E53B914D /* include_juce_audio_formats.mm */ = {isa = PBXFileReference; lastKnownFileType = sourcecode.cpp.objcpp; name = include_juce_audio_formats.mm; path = ../../JuceLibraryCode/include_juce_audio_formats.mm; sourceTree = SOURCE_ROOT; };
		47F58F106A541FDF40FE6B34 /* IOKit.framework */ = {isa = PBXFileReference; lastKnownFileType = wrapper.framework; name = IOKit.framework; path = System/Library/Frameworks/IOKit.framework; sourceTree = SDKROOT; };
		4AD1A71FDBE1757871B33A12 /* libLinearPredictionCoder.a */ = {isa = PBXFileReference; explicitFileType = archive.ar; includeInIndex = 0; path = libLinearPredictionCoder.a; sourceTree = BUILT_PRODUCTS_DIR; };
		4EE32E7A26B7038F1E13E745 /* juce_data_structures */ = {isa = PBXFileReference; lastKnownFileType = folder; name = juce_data_structures; path = /Users/joerg/developer/lib/JUCE/modules/juce_data_structures; sourceTree = "<absolute>"; };
		4FC2603BA5A87BE44FE61BEF /* include_juce_gui_basics.mm */ = {isa = PBXFileReference; lastKnownFileType = sourcecode.cpp.objcpp; name = include_juce_gui_basics.mm; path = ../../JuceLibraryCode/include_juce_gui_basics.mm; sourceTree = SOURCE_ROOT; };
		555792B105351DC52459A512 /* LinearPredictionCoder.app */ = {isa = PBXFileReference; explicitFileType = wrapper.application; includeInIndex = 0; path = LinearPredictionCoder.app; sourceTree = BUILT_PRODUCTS_DIR; };
		5714E49DD9E95044BCEB79FA /* PluginProcessor.cpp */ = {isa = PBXFileReference; lastKnownFileType = sourcecode.cpp.cpp; name = PluginProcessor.cpp; path = ../../Source/PluginProcessor.cpp; sourceTree = SOURCE_ROOT; };
		57CEF0156DB48DE0BD040797 /* libsndfile.1.dylib */ = {isa = PBXFileReference; lastKnownFileType = file.dylib; name = libsndfile.1.dylib; path = /usr/local/lib/libsndfile.1.dylib; sourceTree = "<group>"; };
		599FA2F8D014D711AF1EFA53 /* include_juce_data_structures.mm */ = {isa = PBXFileReference; lastKnownFileType = sourcecode.cpp.objcpp; name = include_juce_data_structures.mm; path = ../../JuceLibraryCode/include_juce_data_structures.mm; sourceTree = SOURCE_ROOT; };
		667306A1D015CC272E28AAA2 /* include_juce_audio_plugin_client_AU_1.mm */ = {isa = PBXFileReference; lastKnownFileType = sourcecode.cpp.objcpp; name = include_juce_audio_plugin_client_AU_1.mm; path = ../../JuceLibraryCode/include_juce_audio_plugin_client_AU_1.mm; sourceTree = SOURCE_ROOT; };
		6D60AFEA18C1C6ADFC7CE74B /* juce_core */ = {isa = PBXFileReference; lastKnownFileType = folder; name = juce_core; path = /Users/joerg/developer/lib/JUCE/modules/juce_core; sourceTree = "<absolute>"; };
		6E682E09E2947E0809C314C5 /* Info-Standalone_Plugin.plist */ = {isa = PBXFileReference; lastKnownFileType = text.plist.xml; path = "Info-Standalone_Plugin.plist"; sourceTree = SOURCE_ROOT; };
		6EA5FCB87A6C988C70D99E36 /* include_juce_audio_utils.mm */ = {isa = PBXFileReference; lastKnownFileType = sourcecode.cpp.objcpp; name = include_juce_audio_utils.mm; path = ../../JuceLibraryCode/include_juce_audio_utils.mm; sourceTree = SOURCE_ROOT; };
		70FB9FD4C4B9862971A2221B /* include_juce_audio_plugin_client_VST3.cpp */ = {isa = PBXFileReference; lastKnownFileType = sourcecode.cpp.cpp; name = include_juce_audio_plugin_client_VST3.cpp; path = ../../JuceLibraryCode/include_juce_audio_plugin_client_VST3.cpp; sourceTree = SOURCE_ROOT; };
		722C3A3A0D58F682A200FD44 /* juce_cryptography */ = {isa = PBXFileReference; lastKnownFileType = folder; name = juce_cryptography; path = /Users/joerg/developer/lib/JUCE/modules/juce_cryptography; sourceTree = "<absolute>"; };
		7719FAA5A5D9B7A609AB29DC /* juce_graphics */ = {isa = PBXFileReference; lastKnownFileType = folder; name = juce_graphics; path = /Users/joerg/developer/lib/JUCE/modules/juce_graphics; sourceTree = "<absolute>"; };
		78DA558B411D938099C8A585 /* Info-VST3.plist */ = {isa = PBXFileReference; lastKnownFileType = text.plist.xml; path = "Info-VST3.plist"; sourceTree = SOURCE_ROOT; };
		7D4567615B31E746355EF80D /* BinaryData.cpp */ = {isa = PBXFileReference; lastKnownFileType = sourcecode.cpp.cpp; name = BinaryData.cpp; path = ../../JuceLibraryCode/BinaryData.cpp; sourceTree = SOURCE_ROOT; };
		8CE25240D3FE156840F41A04 /* include_juce_audio_plugin_client_AU.r */ = {isa = PBXFileReference; lastKnownFileType = file.r; name = include_juce_audio_plugin_client_AU.r; path = ../../JuceLibraryCode/include_juce_audio_plugin_client_AU.r; sourceTree = SOURCE_ROOT; };
		8EBB4175E7CF76700F704340 /* juce_gui_basics */ = {isa = PBXFileReference; lastKnownFileType = folder; name = juce_gui_basics; path = /Users/joerg/developer/lib/JUCE/modules/juce_gui_basics; sourceTree = "<absolute>"; };
		913A9A40FCFF4BB75CB00640 /* include_juce_cryptography.mm */ = {isa = PBXFileReference; lastKnownFileType = sourcecode.cpp.objcpp; name = include_juce_cryptography.mm; path = ../../JuceLibraryCode/include_juce_cryptography.mm; sourceTree = SOURCE_ROOT; };
		96317D41C19162AACF5FFBA9 /* include_juce_audio_devices.mm */ = {isa = PBXFileReference; lastKnownFileType = sourcecode.cpp.objcpp; name = include_juce_audio_devices.mm; path = ../../JuceLibraryCode/include_juce_audio_devices.mm; sourceTree = SOURCE_ROOT; };
		966F077CE82A2B7B8B5E77BC /* LinearPredictionCoder.component */ = {isa = PBXFileReference; explicitFileType = wrapper.cfbundle; includeInIndex = 0; path = LinearPredictionCoder.component; sourceTree = BUILT_PRODUCTS_DIR; };
		96B2B455D50D73FEE128EDD4 /* juce_audio_formats */ = {isa = PBXFileReference; lastKnownFileType = folder; name = juce_audio_formats; path = /Users/joerg/developer/lib/JUCE/modules/juce_audio_formats; sourceTree = "<absolute>"; };
		97BE2A92982E38EA717AFA60 /* LinearPredictionCoder.vst3 */ = {isa = PBXFileReference; explicitFileType = wrapper.cfbundle; includeInIndex = 0; path = LinearPredictionCoder.vst3; sourceTree = BUILT_PRODUCTS_DIR; };
		98B6979B5A55D51F0F21BE36 /* Accelerate.framework */ = {isa = PBXFileReference; lastKnownFileType = wrapper.framework; name = Accelerate.framework; path = System/Library/Frameworks/Accelerate.framework; sourceTree = SDKROOT; };
		9DD767CE6CA25B38A8686488 /* include_juce_audio_processors.mm */ = {isa = PBXFileReference; lastKnownFileType = sourcecode.cpp.objcpp; name = include_juce_audio_processors.mm; path = ../../JuceLibraryCode/include_juce_audio_processors.mm; sourceTree = SOURCE_ROOT; };
		9EFBEBDD516250F5232C25EB /* DiscRecording.framework */ = {isa = PBXFileReference; lastKnownFileType = wrapper.framework; name = DiscRecording.framework; path = System/Library/Frameworks/DiscRecording.framework; sourceTree = SDKROOT; };
		A75D248A488B982391092D0C /* CoreMIDI.framework */ = {isa = PBXFileReference; lastKnownFileType = wrapper.framework; name = CoreMIDI.framework; path = System/Library/Frameworks/CoreMIDI.framework; sourceTree = SDKROOT; };
		A7B59DE6CF42C0685969A48C /* RecentFilesMenuTemplate.nib */ = {isa = PBXFileReference; lastKnownFileType = file.nib; path = RecentFilesMenuTemplate.nib; sourceTree = SOURCE_ROOT; };
		AA13D91AA739CD61FF160F1B /* AudioUnit.framework */ = {isa = PBXFileReference; lastKnownFileType = wrapper.framework; name = AudioUnit.framework; path = System/Library/Frameworks/AudioUnit.framework; sourceTree = SDKROOT; };
		AA51F2D0FF2BA018BDC5C3C5 /* PluginEditor.h */ = {isa = PBXFileReference; lastKnownFileType = sourcecode.c.h; name = PluginEditor.h; path = ../../Source/PluginEditor.h; sourceTree = SOURCE_ROOT; };
		ABEE3BB449D91DF120C7E0F1 /* include_juce_gui_extra.mm */ = {isa = PBXFileReference; lastKnownFileType = sourcecode.cpp.objcpp; name = include_juce_gui_extra.mm; path = ../../JuceLibraryCode/include_juce_gui_extra.mm; sourceTree = SOURCE_ROOT; };
		AC6AF94BC994351D33F06AAB /* include_juce_audio_plugin_client_VST_utils.mm */ = {isa = PBXFileReference; lastKnownFileType = sourcecode.cpp.objcpp; name = include_juce_audio_plugin_client_VST_utils.mm; path = ../../JuceLibraryCode/include_juce_audio_plugin_client_VST_utils.mm; sourceTree = SOURCE_ROOT; };
		AD8701F33A1609C2CB30A571 /* AudioToolbox.framework */ = {isa = PBXFileReference; lastKnownFileType = wrapper.framework; name = AudioToolbox.framework; path = System/Library/Frameworks/AudioToolbox.framework; sourceTree = SDKROOT; };
		BB2B2C4E1FE8188C153FC7B2 /* Carbon.framework */ = {isa = PBXFileReference; lastKnownFileType = wrapper.framework; name = Carbon.framework; path = System/Library/Frameworks/Carbon.framework; sourceTree = SDKROOT; };
		BD3BAB32FEC16A2875926F85 /* TODO.md */ = {isa = PBXFileReference; lastKnownFileType = file.md; name = TODO.md; path = ../../TODO.md; sourceTree = SOURCE_ROOT; };
		BFFA8F69592E30C2A2DCD9A6 /* include_juce_events.mm */ = {isa = PBXFileReference; lastKnownFileType = sourcecode.cpp.objcpp; name = include_juce_events.mm; path = ../../JuceLibraryCode/include_juce_events.mm; sourceTree = SOURCE_ROOT; };
		C102DA02198349B75CA5322E /* Info-AU.plist */ = {isa = PBXFileReference; lastKnownFileType = text.plist.xml; path = "Info-AU.plist"; sourceTree = SOURCE_ROOT; };
		C1B8AE1251C97909F1415553 /* juce_audio_basics */ = {isa = PBXFileReference; lastKnownFileType = folder; name = juce_audio_basics; path = /Users/joerg/developer/lib/JUCE/modules/juce_audio_basics; sourceTree = "<absolute>"; };
		C3B24DC52B8C7CBDCA54D36C /* BinaryData.h */ = {isa = PBXFileReference; lastKnownFileType = sourcecode.c.h; name = BinaryData.h; path = ../../JuceLibraryCode/BinaryData.h; sourceTree = SOURCE_ROOT; };
		C801C4E1663B1C1F47E4D11A /* juce_audio_plugin_client */ = {isa = PBXFileReference; lastKnownFileType = folder; name = juce_audio_plugin_client; path = /Users/joerg/developer/lib/JUCE/modules/juce_audio_plugin_client; sourceTree = "<absolute>"; };
		CA3AAFA049B717361BA6CFA9 /* CoreAudio.framework */ = {isa = PBXFileReference; lastKnownFileType = wrapper.framework; name = CoreAudio.framework; path = System/Library/Frameworks/CoreAudio.framework; sourceTree = SDKROOT; };
		D1B16DC899DCB4FEAB41FCC2 /* juce_opengl */ = {isa = PBXFileReference; lastKnownFileType = folder; name = juce_opengl; path = /Users/joerg/developer/lib/JUCE/modules/juce_opengl; sourceTree = "<absolute>"; };
		D26BA2A86350FAF16EBC0867 /* include_juce_audio_plugin_client_Standalone.cpp */ = {isa = PBXFileReference; lastKnownFileType = sourcecode.cpp.cpp; name = include_juce_audio_plugin_client_Standalone.cpp; path = ../../JuceLibraryCode/include_juce_audio_plugin_client_Standalone.cpp; sourceTree = SOURCE_ROOT; };
		DC46DC086F8816C025D615C2 /* WebKit.framework */ = {isa = PBXFileReference; lastKnownFileType = wrapper.framework; name = WebKit.framework; path = System/Library/Frameworks/WebKit.framework; sourceTree = SDKROOT; };
		DD33A328C45C6424BB06B02B /* juce_audio_processors */ = {isa = PBXFileReference; lastKnownFileType = folder; name = juce_audio_processors; path = /Users/joerg/developer/lib/JUCE/modules/juce_audio_processors; sourceTree = "<absolute>"; };
		DE293BCECB07904425DD5C44 /* LinearPredictionCoder.entitlements */ = {isa = PBXFileReference; lastKnownFileType = text.plist.xml; path = LinearPredictionCoder.entitlements; sourceTree = SOURCE_ROOT; };
		E9B1C22180227DC8A3782E73 /* PluginEditor.cpp */ = {isa = PBXFileReference; lastKnownFileType = sourcecode.cpp.cpp; name = PluginEditor.cpp; path = ../../Source/PluginEditor.cpp; sourceTree = SOURCE_ROOT; };
		EB941596525CE6412D836E61 /* AppConfig.h */ = {isa = PBXFileReference; lastKnownFileType = sourcecode.c.h; name = AppConfig.h; path = ../../JuceLibraryCode/AppConfig.h; sourceTree = SOURCE_ROOT; };
		EC686AFA28FCA3D2FE3CA186 /* juce_audio_utils */ = {isa = PBXFileReference; lastKnownFileType = folder; name = juce_audio_utils; path = /Users/joerg/developer/lib/JUCE/modules/juce_audio_utils; sourceTree = "<absolute>"; };
		F142919EE05463B5A2393AC4 /* QuartzCore.framework */ = {isa = PBXFileReference; lastKnownFileType = wrapper.framework; name = QuartzCore.framework; path = System/Library/Frameworks/QuartzCore.framework; sourceTree = SDKROOT; };
		F623422B98DD221C3FFEC5AE /* juce_events */ = {isa = PBXFileReference; lastKnownFileType = folder; name = juce_events; path = /Users/joerg/developer/lib/JUCE/modules/juce_events; sourceTree = "<absolute>"; };
		FEF6B069AB6FC153CDE39789 /* CoreAudioKit.framework */ = {isa = PBXFileReference; lastKnownFileType = wrapper.framework; name = CoreAudioKit.framework; path = System/Library/Frameworks/CoreAudioKit.framework; sourceTree = SDKROOT; };
/* End PBXFileReference section */

/* Begin PBXFrameworksBuildPhase section */
		65457341203F86F14C21D04C /* Frameworks */ = {
			isa = PBXFrameworksBuildPhase;
			buildActionMask = 2147483647;
			files = (
				309BA161225FDF0900A9EB19 /* Accelerate.framework in Frameworks */,
				309BA162225FDF0900A9EB19 /* AudioToolbox.framework in Frameworks */,
				309BA163225FDF0900A9EB19 /* Carbon.framework in Frameworks */,
				309BA164225FDF0900A9EB19 /* Cocoa.framework in Frameworks */,
				309BA165225FDF0900A9EB19 /* CoreAudio.framework in Frameworks */,
				309BA166225FDF0900A9EB19 /* CoreMIDI.framework in Frameworks */,
				309BA167225FDF0900A9EB19 /* DiscRecording.framework in Frameworks */,
				309BA168225FDF0900A9EB19 /* IOKit.framework in Frameworks */,
				309BA169225FDF0900A9EB19 /* OpenGL.framework in Frameworks */,
				309BA16A225FDF0900A9EB19 /* QuartzCore.framework in Frameworks */,
				309BA16B225FDF0900A9EB19 /* WebKit.framework in Frameworks */,
				309BA16C225FDF0900A9EB19 /* libsndfile.1.dylib in Frameworks */,
			);
			runOnlyForDeploymentPostprocessing = 0;
		};
		6B3E0367994CC9FF8A5FC5CB /* Frameworks */ = {
			isa = PBXFrameworksBuildPhase;
			buildActionMask = 2147483647;
			files = (
				309BA153225FDF0900A9EB19 /* Accelerate.framework in Frameworks */,
				309BA154225FDF0900A9EB19 /* AudioToolbox.framework in Frameworks */,
				B1A07867D3A856E293293E56 /* AudioUnit.framework in Frameworks */,
				309BA155225FDF0900A9EB19 /* Carbon.framework in Frameworks */,
				309BA156225FDF0900A9EB19 /* Cocoa.framework in Frameworks */,
				309BA157225FDF0900A9EB19 /* CoreAudio.framework in Frameworks */,
				441CFF8CADBA97AE5AAAD0B8 /* CoreAudioKit.framework in Frameworks */,
				309BA158225FDF0900A9EB19 /* CoreMIDI.framework in Frameworks */,
				309BA159225FDF0900A9EB19 /* DiscRecording.framework in Frameworks */,
				309BA15A225FDF0900A9EB19 /* IOKit.framework in Frameworks */,
				309BA15B225FDF0900A9EB19 /* OpenGL.framework in Frameworks */,
				309BA15C225FDF0900A9EB19 /* QuartzCore.framework in Frameworks */,
				309BA15D225FDF0900A9EB19 /* WebKit.framework in Frameworks */,
				309BA15E225FDF0900A9EB19 /* libsndfile.1.dylib in Frameworks */,
			);
			runOnlyForDeploymentPostprocessing = 0;
		};
		9063F5E5D58A50693206B012 /* Frameworks */ = {
			isa = PBXFrameworksBuildPhase;
			buildActionMask = 2147483647;
			files = (
				3882AB7C64B21A681EAE23C8 /* Accelerate.framework in Frameworks */,
				6E5BFD2CA4AF187ABD8CD87E /* AudioToolbox.framework in Frameworks */,
				F0DD59671588AC375D68CC56 /* Carbon.framework in Frameworks */,
				C19F221996CC655CCD0A395B /* Cocoa.framework in Frameworks */,
				85ACAFBCC7A054A82EB497C2 /* CoreAudio.framework in Frameworks */,
				A557E8CFB7F67C6260A7F445 /* CoreMIDI.framework in Frameworks */,
				1732D43F713A8A346BDE0362 /* DiscRecording.framework in Frameworks */,
				57BD6454A96783CB146992C6 /* IOKit.framework in Frameworks */,
				D64678433175D6EEB609B0B8 /* OpenGL.framework in Frameworks */,
				3823459E37E3FDF27EC80124 /* QuartzCore.framework in Frameworks */,
				C35B7FC849CD09B8A3AAA3ED /* WebKit.framework in Frameworks */,
				309BA150225FDF0900A9EB19 /* libsndfile.1.dylib in Frameworks */,
			);
			runOnlyForDeploymentPostprocessing = 0;
		};
/* End PBXFrameworksBuildPhase section */

/* Begin PBXGroup section */
		07C344CEE17F4D1B9D8F6E82 /* LinearPredictionCoder */ = {
			isa = PBXGroup;
			children = (
				400307A55EA266A73EB20909 /* Source */,
				BD3BAB32FEC16A2875926F85 /* TODO.md */,
			);
			name = LinearPredictionCoder;
			sourceTree = "<group>";
		};
		10163EB0DA87107FD98C3039 /* Resources */ = {
			isa = PBXGroup;
			children = (
				78DA558B411D938099C8A585 /* Info-VST3.plist */,
				C102DA02198349B75CA5322E /* Info-AU.plist */,
				6E682E09E2947E0809C314C5 /* Info-Standalone_Plugin.plist */,
				A7B59DE6CF42C0685969A48C /* RecentFilesMenuTemplate.nib */,
			);
			name = Resources;
			sourceTree = "<group>";
		};
		30D63628B7BB00113E8A4A2A /* Products */ = {
			isa = PBXGroup;
			children = (
				97BE2A92982E38EA717AFA60 /* LinearPredictionCoder.vst3 */,
				966F077CE82A2B7B8B5E77BC /* LinearPredictionCoder.component */,
				555792B105351DC52459A512 /* LinearPredictionCoder.app */,
				4AD1A71FDBE1757871B33A12 /* libLinearPredictionCoder.a */,
			);
			name = Products;
			sourceTree = "<group>";
		};
		400307A55EA266A73EB20909 /* Source */ = {
			isa = PBXGroup;
			children = (
				5714E49DD9E95044BCEB79FA /* PluginProcessor.cpp */,
				3923A45BB9F5313A856F8455 /* PluginProcessor.h */,
				E9B1C22180227DC8A3782E73 /* PluginEditor.cpp */,
				AA51F2D0FF2BA018BDC5C3C5 /* PluginEditor.h */,
				302D7EAB2266396700826CBA /* dynamic_delay.cpp */,
				302D7EAC2266396700826CBA /* dynamic_delay.hpp */,
			);
			name = Source;
			sourceTree = "<group>";
		};
		4406FE3AB60C4929E8B13459 /* Frameworks */ = {
			isa = PBXGroup;
			children = (
				98B6979B5A55D51F0F21BE36 /* Accelerate.framework */,
				AD8701F33A1609C2CB30A571 /* AudioToolbox.framework */,
				AA13D91AA739CD61FF160F1B /* AudioUnit.framework */,
				BB2B2C4E1FE8188C153FC7B2 /* Carbon.framework */,
				0DBA41F648DEDE444489DF32 /* Cocoa.framework */,
				CA3AAFA049B717361BA6CFA9 /* CoreAudio.framework */,
				FEF6B069AB6FC153CDE39789 /* CoreAudioKit.framework */,
				A75D248A488B982391092D0C /* CoreMIDI.framework */,
				9EFBEBDD516250F5232C25EB /* DiscRecording.framework */,
				47F58F106A541FDF40FE6B34 /* IOKit.framework */,
				049D2DB79355A70D0FB5AB18 /* OpenGL.framework */,
				F142919EE05463B5A2393AC4 /* QuartzCore.framework */,
				DC46DC086F8816C025D615C2 /* WebKit.framework */,
				57CEF0156DB48DE0BD040797 /* libsndfile.1.dylib */,
			);
			name = Frameworks;
			sourceTree = "<group>";
		};
		898854393D9475371E10B417 /* Source */ = {
			isa = PBXGroup;
			children = (
				DE293BCECB07904425DD5C44 /* LinearPredictionCoder.entitlements */,
				07C344CEE17F4D1B9D8F6E82 /* LinearPredictionCoder */,
				9C2CC246F5B9198660EA5FCC /* JUCE Modules */,
				B1BB9D9CEC7DE4795FEFED3F /* JUCE Library Code */,
				10163EB0DA87107FD98C3039 /* Resources */,
				4406FE3AB60C4929E8B13459 /* Frameworks */,
				30D63628B7BB00113E8A4A2A /* Products */,
			);
			name = Source;
			sourceTree = "<group>";
		};
		9C2CC246F5B9198660EA5FCC /* JUCE Modules */ = {
			isa = PBXGroup;
			children = (
				C1B8AE1251C97909F1415553 /* juce_audio_basics */,
				32E1FABFCEB4F7027256A69F /* juce_audio_devices */,
				96B2B455D50D73FEE128EDD4 /* juce_audio_formats */,
				C801C4E1663B1C1F47E4D11A /* juce_audio_plugin_client */,
				DD33A328C45C6424BB06B02B /* juce_audio_processors */,
				EC686AFA28FCA3D2FE3CA186 /* juce_audio_utils */,
				6D60AFEA18C1C6ADFC7CE74B /* juce_core */,
				722C3A3A0D58F682A200FD44 /* juce_cryptography */,
				4EE32E7A26B7038F1E13E745 /* juce_data_structures */,
				F623422B98DD221C3FFEC5AE /* juce_events */,
				7719FAA5A5D9B7A609AB29DC /* juce_graphics */,
				8EBB4175E7CF76700F704340 /* juce_gui_basics */,
				269A07406EF5217A03FAF20D /* juce_gui_extra */,
				D1B16DC899DCB4FEAB41FCC2 /* juce_opengl */,
			);
			name = "JUCE Modules";
			sourceTree = "<group>";
		};
		B1BB9D9CEC7DE4795FEFED3F /* JUCE Library Code */ = {
			isa = PBXGroup;
			children = (
				EB941596525CE6412D836E61 /* AppConfig.h */,
				7D4567615B31E746355EF80D /* BinaryData.cpp */,
				C3B24DC52B8C7CBDCA54D36C /* BinaryData.h */,
				09357BF355291836843C1A0E /* include_juce_audio_basics.mm */,
				96317D41C19162AACF5FFBA9 /* include_juce_audio_devices.mm */,
				474F48112A38EA49E53B914D /* include_juce_audio_formats.mm */,
				8CE25240D3FE156840F41A04 /* include_juce_audio_plugin_client_AU.r */,
				667306A1D015CC272E28AAA2 /* include_juce_audio_plugin_client_AU_1.mm */,
				38B2E334BE88D0577B1C89AC /* include_juce_audio_plugin_client_AU_2.mm */,
				D26BA2A86350FAF16EBC0867 /* include_juce_audio_plugin_client_Standalone.cpp */,
				2B63319AE93C712CA3F2F9DC /* include_juce_audio_plugin_client_utils.cpp */,
				AC6AF94BC994351D33F06AAB /* include_juce_audio_plugin_client_VST_utils.mm */,
				70FB9FD4C4B9862971A2221B /* include_juce_audio_plugin_client_VST3.cpp */,
				9DD767CE6CA25B38A8686488 /* include_juce_audio_processors.mm */,
				6EA5FCB87A6C988C70D99E36 /* include_juce_audio_utils.mm */,
				440C72ECA8E652B36B22FEC0 /* include_juce_core.mm */,
				913A9A40FCFF4BB75CB00640 /* include_juce_cryptography.mm */,
				599FA2F8D014D711AF1EFA53 /* include_juce_data_structures.mm */,
				BFFA8F69592E30C2A2DCD9A6 /* include_juce_events.mm */,
				1EFAD4FE948C2B661ECCAEB9 /* include_juce_graphics.mm */,
				4FC2603BA5A87BE44FE61BEF /* include_juce_gui_basics.mm */,
				ABEE3BB449D91DF120C7E0F1 /* include_juce_gui_extra.mm */,
				0B9585ED7AB95FAAA9CE7A26 /* include_juce_opengl.mm */,
				3FC80C3372C5F93ECD9B2FD1 /* JuceHeader.h */,
			);
			name = "JUCE Library Code";
			sourceTree = "<group>";
		};
/* End PBXGroup section */

/* Begin PBXNativeTarget section */
		1842372233E6B27E1AA3C7CA /* LinearPredictionCoder - Shared Code */ = {
			isa = PBXNativeTarget;
			buildConfigurationList = ACE06EB482E5A168BB1586E9 /* Build configuration list for PBXNativeTarget "LinearPredictionCoder - Shared Code" */;
			buildPhases = (
				023BB7ACF26483950D84F32E /* Embed Frameworks */,
				3AF4F47C852BCCF0D41D5E5B /* Sources */,
				B083859A3A575C9EA307387A /* Post-build script */,
			);
			buildRules = (
			);
			dependencies = (
			);
			name = "LinearPredictionCoder - Shared Code";
			productName = LinearPredictionCoder;
			productReference = 4AD1A71FDBE1757871B33A12 /* libLinearPredictionCoder.a */;
			productType = "com.apple.product-type.library.static";
		};
		5CF5A91F5BE3AC83E4FFE75D /* LinearPredictionCoder - VST3 */ = {
			isa = PBXNativeTarget;
			buildConfigurationList = 1BF4A20B1C184DF0ECC6B060 /* Build configuration list for PBXNativeTarget "LinearPredictionCoder - VST3" */;
			buildPhases = (
				6120C3E44CD7852764EC2F80 /* Embed Frameworks */,
				B438BCEF22C9FF4C28362063 /* Resources */,
				732D72D106FB8E86C1D5ED5A /* Sources */,
				9063F5E5D58A50693206B012 /* Frameworks */,
				7A21380E2EB5F133363A1CAE /* Post-build script */,
			);
			buildRules = (
			);
			dependencies = (
				6D370D115BF0A9D7343F58CF /* PBXTargetDependency */,
			);
			name = "LinearPredictionCoder - VST3";
			productName = LinearPredictionCoder;
			productReference = 97BE2A92982E38EA717AFA60 /* LinearPredictionCoder.vst3 */;
			productType = "com.apple.product-type.bundle";
		};
		6ED691BDAA082159A2698471 /* LinearPredictionCoder - Standalone Plugin */ = {
			isa = PBXNativeTarget;
			buildConfigurationList = 036E760AD5F9F5BF2592E3B8 /* Build configuration list for PBXNativeTarget "LinearPredictionCoder - Standalone Plugin" */;
			buildPhases = (
				B323CA0AD5A5D3502D9A4D6A /* Embed Frameworks */,
				7F91CC72A89E614364020346 /* Resources */,
				A7E23875299CEEFAB482B76D /* Sources */,
				65457341203F86F14C21D04C /* Frameworks */,
				FBAC1B8A6B029B626418BAF3 /* Post-build script */,
			);
			buildRules = (
			);
			dependencies = (
				6D370D115BF0A9D7343F58CF /* PBXTargetDependency */,
			);
			name = "LinearPredictionCoder - Standalone Plugin";
			productName = LinearPredictionCoder;
			productReference = 555792B105351DC52459A512 /* LinearPredictionCoder.app */;
			productType = "com.apple.product-type.application";
		};
		9DB4C11075B821EB68013250 /* LinearPredictionCoder - AU */ = {
			isa = PBXNativeTarget;
			buildConfigurationList = F23D27720AB60DCBA6ED46C2 /* Build configuration list for PBXNativeTarget "LinearPredictionCoder - AU" */;
			buildPhases = (
				765C6C6C1085DB483B6701DD /* Embed Frameworks */,
				3E5E237F8FAD0E1A05D50511 /* Resources */,
				3111D3F968AD39FEBC27D1AF /* Rez */,
				9C48B4CE0FD62AD830A78CCF /* Sources */,
				6B3E0367994CC9FF8A5FC5CB /* Frameworks */,
				CE689C4D56A7FDDE2DBC605B /* Post-build script */,
			);
			buildRules = (
			);
			dependencies = (
				6D370D115BF0A9D7343F58CF /* PBXTargetDependency */,
			);
			name = "LinearPredictionCoder - AU";
			productName = LinearPredictionCoder;
			productReference = 966F077CE82A2B7B8B5E77BC /* LinearPredictionCoder.component */;
			productType = "com.apple.product-type.bundle";
		};
/* End PBXNativeTarget section */

/* Begin PBXProject section */
		4D6104ECD2DEFDD7D6E81462 /* Project object */ = {
			isa = PBXProject;
			attributes = {
				LastUpgradeCheck = 1010;
				ORGANIZATIONNAME = jpiringer;
				TargetAttributes = {
					1842372233E6B27E1AA3C7CA = {
						SystemCapabilities = {
							com.apple.ApplicationGroups.iOS = {
								enabled = 0;
							};
							com.apple.HardenedRuntime = {
								enabled = 0;
							};
							com.apple.InAppPurchase = {
								enabled = 0;
							};
							com.apple.InterAppAudio = {
								enabled = 0;
							};
							com.apple.Push = {
								enabled = 0;
							};
							com.apple.Sandbox = {
								enabled = 0;
							};
						};
					};
					5CF5A91F5BE3AC83E4FFE75D = {
						SystemCapabilities = {
							com.apple.ApplicationGroups.iOS = {
								enabled = 0;
							};
							com.apple.HardenedRuntime = {
								enabled = 0;
							};
							com.apple.InAppPurchase = {
								enabled = 0;
							};
							com.apple.InterAppAudio = {
								enabled = 0;
							};
							com.apple.Push = {
								enabled = 0;
							};
							com.apple.Sandbox = {
								enabled = 0;
							};
						};
					};
					6ED691BDAA082159A2698471 = {
						SystemCapabilities = {
							com.apple.ApplicationGroups.iOS = {
								enabled = 0;
							};
							com.apple.HardenedRuntime = {
								enabled = 0;
							};
							com.apple.InAppPurchase = {
								enabled = 0;
							};
							com.apple.InterAppAudio = {
								enabled = 0;
							};
							com.apple.Push = {
								enabled = 0;
							};
							com.apple.Sandbox = {
								enabled = 0;
							};
						};
					};
					9DB4C11075B821EB68013250 = {
						SystemCapabilities = {
							com.apple.ApplicationGroups.iOS = {
								enabled = 0;
							};
							com.apple.HardenedRuntime = {
								enabled = 0;
							};
							com.apple.InAppPurchase = {
								enabled = 0;
							};
							com.apple.InterAppAudio = {
								enabled = 0;
							};
							com.apple.Push = {
								enabled = 0;
							};
							com.apple.Sandbox = {
								enabled = 0;
							};
						};
					};
					9FBD6E5E220D9D634C85B459 = {
						SystemCapabilities = {
							com.apple.ApplicationGroups.iOS = {
								enabled = 0;
							};
							com.apple.HardenedRuntime = {
								enabled = 0;
							};
							com.apple.InAppPurchase = {
								enabled = 0;
							};
							com.apple.InterAppAudio = {
								enabled = 0;
							};
							com.apple.Push = {
								enabled = 0;
							};
							com.apple.Sandbox = {
								enabled = 0;
							};
						};
					};
				};
			};
			buildConfigurationList = FB515D61E900D779B6258FB7 /* Build configuration list for PBXProject "LinearPredictionCoder" */;
			compatibilityVersion = "Xcode 3.2";
			developmentRegion = en;
			hasScannedForEncodings = 0;
			knownRegions = (
				en,
				Base,
			);
			mainGroup = 898854393D9475371E10B417 /* Source */;
			projectDirPath = "";
			projectRoot = "";
			targets = (
				9FBD6E5E220D9D634C85B459 /* LinearPredictionCoder - All */,
				5CF5A91F5BE3AC83E4FFE75D /* LinearPredictionCoder - VST3 */,
				9DB4C11075B821EB68013250 /* LinearPredictionCoder - AU */,
				6ED691BDAA082159A2698471 /* LinearPredictionCoder - Standalone Plugin */,
				1842372233E6B27E1AA3C7CA /* LinearPredictionCoder - Shared Code */,
			);
		};
/* End PBXProject section */

/* Begin PBXResourcesBuildPhase section */
		3E5E237F8FAD0E1A05D50511 /* Resources */ = {
			isa = PBXResourcesBuildPhase;
			buildActionMask = 2147483647;
			files = (
				309BA152225FDF0900A9EB19 /* RecentFilesMenuTemplate.nib in Resources */,
			);
			runOnlyForDeploymentPostprocessing = 0;
		};
		7F91CC72A89E614364020346 /* Resources */ = {
			isa = PBXResourcesBuildPhase;
			buildActionMask = 2147483647;
			files = (
				309BA160225FDF0900A9EB19 /* RecentFilesMenuTemplate.nib in Resources */,
			);
			runOnlyForDeploymentPostprocessing = 0;
		};
		B438BCEF22C9FF4C28362063 /* Resources */ = {
			isa = PBXResourcesBuildPhase;
			buildActionMask = 2147483647;
			files = (
				132885CAE30BE89244F44031 /* RecentFilesMenuTemplate.nib in Resources */,
			);
			runOnlyForDeploymentPostprocessing = 0;
		};
/* End PBXResourcesBuildPhase section */

/* Begin PBXRezBuildPhase section */
		3111D3F968AD39FEBC27D1AF /* Rez */ = {
			isa = PBXRezBuildPhase;
			buildActionMask = 2147483647;
			files = (
				B35349380FDF656D6B8C91A4 /* include_juce_audio_plugin_client_AU.r in Rez */,
			);
			runOnlyForDeploymentPostprocessing = 0;
		};
/* End PBXRezBuildPhase section */

/* Begin PBXShellScriptBuildPhase section */
		7A21380E2EB5F133363A1CAE /* Post-build script */ = {
			isa = PBXShellScriptBuildPhase;
			buildActionMask = 2147483647;
			files = (
			);
			name = "Post-build script";
			runOnlyForDeploymentPostprocessing = 0;
			shellPath = /bin/sh;
			shellScript = "#install_name_tool -change /usr/local/lib/libsndfile.1.dylib @loader_path/../Frameworks/libsndfile.1.dylib  \"~/Library/Audio/Plug-Ins/Components/$PRODUCT_NAME.component/Contents/MacOS/$PRODUCT_NAME\"\n#install_name_tool -change /usr/local/lib/libsndfile.1.dylib @loader_path/../Frameworks/libsndfile.1.dylib  \"~/Library/Audio/Plug-Ins/VST3/$PRODUCT_NAME.vst3/Contents/MacOS/$PRODUCT_NAME\"\n";
		};
		B083859A3A575C9EA307387A /* Post-build script */ = {
			isa = PBXShellScriptBuildPhase;
			buildActionMask = 2147483647;
			files = (
			);
			name = "Post-build script";
			runOnlyForDeploymentPostprocessing = 0;
			shellPath = /bin/sh;
			shellScript = "#install_name_tool -change /usr/local/lib/libsndfile.1.dylib @loader_path/../Frameworks/libsndfile.1.dylib  \"~/Library/Audio/Plug-Ins/Components/$PRODUCT_NAME.component/Contents/MacOS/$PRODUCT_NAME\"\n#install_name_tool -change /usr/local/lib/libsndfile.1.dylib @loader_path/../Frameworks/libsndfile.1.dylib  \"~/Library/Audio/Plug-Ins/VST3/$PRODUCT_NAME.vst3/Contents/MacOS/$PRODUCT_NAME\"";
		};
		CE689C4D56A7FDDE2DBC605B /* Post-build script */ = {
			isa = PBXShellScriptBuildPhase;
			buildActionMask = 2147483647;
			files = (
			);
			name = "Post-build script";
			runOnlyForDeploymentPostprocessing = 0;
			shellPath = /bin/sh;
			shellScript = "#install_name_tool -change /usr/local/lib/libsndfile.1.dylib @loader_path/../Frameworks/libsndfile.1.dylib  \"~/Library/Audio/Plug-Ins/Components/$PRODUCT_NAME.component/Contents/MacOS/$PRODUCT_NAME\"\n#install_name_tool -change /usr/local/lib/libsndfile.1.dylib @loader_path/../Frameworks/libsndfile.1.dylib  \"~/Library/Audio/Plug-Ins/VST3/$PRODUCT_NAME.vst3/Contents/MacOS/$PRODUCT_NAME\"";
		};
		EF32F30DA5AAE09FD1D3CEC2 /* Post-build script */ = {
			isa = PBXShellScriptBuildPhase;
			buildActionMask = 2147483647;
			files = (
			);
			name = "Post-build script";
			runOnlyForDeploymentPostprocessing = 0;
			shellPath = /bin/sh;
			shellScript = "#install_name_tool -change /usr/local/lib/libsndfile.1.dylib @loader_path/../Frameworks/libsndfile.1.dylib  \"~/Library/Audio/Plug-Ins/Components/$PRODUCT_NAME.component/Contents/MacOS/$PRODUCT_NAME\"\n#install_name_tool -change /usr/local/lib/libsndfile.1.dylib @loader_path/../Frameworks/libsndfile.1.dylib  \"~/Library/Audio/Plug-Ins/VST3/$PRODUCT_NAME.vst3/Contents/MacOS/$PRODUCT_NAME\"";
		};
		FBAC1B8A6B029B626418BAF3 /* Post-build script */ = {
			isa = PBXShellScriptBuildPhase;
			buildActionMask = 2147483647;
			files = (
			);
			name = "Post-build script";
			runOnlyForDeploymentPostprocessing = 0;
			shellPath = /bin/sh;
			shellScript = "#install_name_tool -change /usr/local/lib/libsndfile.1.dylib @loader_path/../Frameworks/libsndfile.1.dylib  \"~/Library/Audio/Plug-Ins/Components/$PRODUCT_NAME.component/Contents/MacOS/$PRODUCT_NAME\"\n#install_name_tool -change /usr/local/lib/libsndfile.1.dylib @loader_path/../Frameworks/libsndfile.1.dylib  \"~/Library/Audio/Plug-Ins/VST3/$PRODUCT_NAME.vst3/Contents/MacOS/$PRODUCT_NAME\"";
		};
/* End PBXShellScriptBuildPhase section */

/* Begin PBXSourcesBuildPhase section */
		3AF4F47C852BCCF0D41D5E5B /* Sources */ = {
			isa = PBXSourcesBuildPhase;
			buildActionMask = 2147483647;
			files = (
				3946171455E3DA05DE9F272E /* PluginProcessor.cpp in Sources */,
				B0CCF45D66EDB11EB12A27E7 /* PluginEditor.cpp in Sources */,
				39BA97ACE59D5F1F8FCEB56C /* BinaryData.cpp in Sources */,
				4D9C4DD493972692D24B5518 /* include_juce_audio_basics.mm in Sources */,
				82232386245796BD94B47150 /* include_juce_audio_devices.mm in Sources */,
				302D7EB12266396700826CBA /* dynamic_delay.cpp in Sources */,
				C34A7102E220305BDAC497CF /* include_juce_audio_formats.mm in Sources */,
				4B217F0F42455791B1C2AFF2 /* include_juce_audio_plugin_client_utils.cpp in Sources */,
				7AE6ECCD42F830C1F5B223B5 /* include_juce_audio_plugin_client_VST_utils.mm in Sources */,
				660B8005D45876322D668D9D /* include_juce_audio_processors.mm in Sources */,
				FB84AF8A9EAD746D7EA12101 /* include_juce_audio_utils.mm in Sources */,
				C10A2E8D86AEFC03D8798B15 /* include_juce_core.mm in Sources */,
				ADE8855BD54B3735C8CB6D27 /* include_juce_cryptography.mm in Sources */,
				25272978C9F0860DB1708F0D /* include_juce_data_structures.mm in Sources */,
				FF57091374BCA5F565C72AF8 /* include_juce_events.mm in Sources */,
				72D2D43AC60F4B2CA7BD4744 /* include_juce_graphics.mm in Sources */,
				566133B66C5F5C95DD4C0597 /* include_juce_gui_basics.mm in Sources */,
				03867F67BAA49A5D3F4F1258 /* include_juce_gui_extra.mm in Sources */,
				7BFF6C2E3418E8B58F2516EB /* include_juce_opengl.mm in Sources */,
			);
			runOnlyForDeploymentPostprocessing = 0;
		};
		732D72D106FB8E86C1D5ED5A /* Sources */ = {
			isa = PBXSourcesBuildPhase;
			buildActionMask = 2147483647;
			files = (
				312FEB5543E47E476AA8B550 /* include_juce_audio_plugin_client_VST3.cpp in Sources */,
				302D7EAE2266396700826CBA /* dynamic_delay.cpp in Sources */,
			);
			runOnlyForDeploymentPostprocessing = 0;
		};
		9C48B4CE0FD62AD830A78CCF /* Sources */ = {
			isa = PBXSourcesBuildPhase;
			buildActionMask = 2147483647;
			files = (
				5530E79AC2D07AB0FBB9DB13 /* include_juce_audio_plugin_client_AU_1.mm in Sources */,
				5F2BC48F248F7083A0234A71 /* include_juce_audio_plugin_client_AU_2.mm in Sources */,
				302D7EAF2266396700826CBA /* dynamic_delay.cpp in Sources */,
			);
			runOnlyForDeploymentPostprocessing = 0;
		};
		A7E23875299CEEFAB482B76D /* Sources */ = {
			isa = PBXSourcesBuildPhase;
			buildActionMask = 2147483647;
			files = (
				0F14C59F068AE9B8A9151DBA /* include_juce_audio_plugin_client_Standalone.cpp in Sources */,
				302D7EB02266396700826CBA /* dynamic_delay.cpp in Sources */,
			);
			runOnlyForDeploymentPostprocessing = 0;
		};
/* End PBXSourcesBuildPhase section */

/* Begin PBXTargetDependency section */
		6D370D115BF0A9D7343F58CF /* PBXTargetDependency */ = {
			isa = PBXTargetDependency;
			target = 1842372233E6B27E1AA3C7CA /* LinearPredictionCoder - Shared Code */;
			targetProxy = 309BA16D225FDF0900A9EB19 /* PBXContainerItemProxy */;
		};
		8E27D7BF02E3B0463C9E50B6 /* PBXTargetDependency */ = {
			isa = PBXTargetDependency;
			target = 5CF5A91F5BE3AC83E4FFE75D /* LinearPredictionCoder - VST3 */;
			targetProxy = 309BA16E225FDF0A00A9EB19 /* PBXContainerItemProxy */;
		};
		C601B0E5F62C24DB1EA88298 /* PBXTargetDependency */ = {
			isa = PBXTargetDependency;
			target = 9DB4C11075B821EB68013250 /* LinearPredictionCoder - AU */;
			targetProxy = 309BA16F225FDF0A00A9EB19 /* PBXContainerItemProxy */;
		};
		F989AD7ED6BEC0B3B2EB0AA4 /* PBXTargetDependency */ = {
			isa = PBXTargetDependency;
			target = 6ED691BDAA082159A2698471 /* LinearPredictionCoder - Standalone Plugin */;
			targetProxy = 309BA170225FDF0A00A9EB19 /* PBXContainerItemProxy */;
		};
/* End PBXTargetDependency section */

/* Begin XCBuildConfiguration section */
		1B382BDC6C0E8D31AF044EEC /* Debug */ = {
			isa = XCBuildConfiguration;
			buildSettings = {
				CLANG_CXX_LANGUAGE_STANDARD = "c++14";
				CLANG_CXX_LIBRARY = "libc++";
				CLANG_LINK_OBJC_RUNTIME = NO;
				COMBINE_HIDPI_IMAGES = YES;
				CONFIGURATION_BUILD_DIR = "$(PROJECT_DIR)/build/$(CONFIGURATION)";
				COPY_PHASE_STRIP = NO;
				DEPLOYMENT_LOCATION = YES;
				DSTROOT = /;
				FRAMEWORK_SEARCH_PATHS = (
					"@loader_path/../Frameworks",
					"$(inherited)",
				);
				GCC_DYNAMIC_NO_PIC = NO;
				GCC_OPTIMIZATION_LEVEL = 0;
				GCC_PREPROCESSOR_DEFINITIONS = (
					"_DEBUG=1",
					"DEBUG=1",
					"JUCER_XCODE_MAC_F6D2F4CF=1",
					"JUCE_APP_VERSION=1.0.0",
					"JUCE_APP_VERSION_HEX=0x10000",
					"JucePlugin_Build_VST=0",
					"JucePlugin_Build_VST3=1",
					"JucePlugin_Build_AU=0",
					"JucePlugin_Build_AUv3=0",
					"JucePlugin_Build_RTAS=0",
					"JucePlugin_Build_AAX=0",
					"JucePlugin_Build_Standalone=0",
					"JucePlugin_Build_Unity=0",
				);
				GCC_VERSION = com.apple.compilers.llvm.clang.1_0;
				GENERATE_PKGINFO_FILE = YES;
				HEADER_SEARCH_PATHS = (
					/Users/joerg/developer/lib/VST_SDK/VST3_SDK,
					../../JuceLibraryCode,
					/Users/joerg/developer/lib/JUCE/modules,
					/usr/local/include,
					/Users/joerg/developer/lib/JUCE/modules/juce_audio_plugin_client,
					"$(inherited)",
				);
				INFOPLIST_FILE = "Info-VST3.plist";
				INFOPLIST_PREPROCESS = NO;
				INSTALL_PATH = "$(HOME)/Library/Audio/Plug-Ins/VST3/";
				LD_RUNPATH_SEARCH_PATHS = "$(inherited) @executable_path/Frameworks @executable_path/../Frameworks";
				LIBRARY_STYLE = Bundle;
				MACOSX_DEPLOYMENT_TARGET = 10.11;
				OTHER_LDFLAGS = (
					"-bundle",
					"-lLinearPredictionCoder",
					"-L/usr/local/lib/",
					"-rpath",
					"@loader_path/../Frameworks",
					"-lsoundpipe",
					"-lsndfile",
				);
				PRODUCT_BUNDLE_IDENTIFIER = com.jpiringer.LinearPredictionCoder;
				PRODUCT_NAME = LinearPredictionCoder;
				USE_HEADERMAP = NO;
				WRAPPER_EXTENSION = vst3;
			};
			name = Debug;
		};
		3A58C3A30FCAC88E6089BA51 /* Release */ = {
			isa = XCBuildConfiguration;
			buildSettings = {
				CLANG_CXX_LANGUAGE_STANDARD = "c++14";
				CLANG_CXX_LIBRARY = "libc++";
				CLANG_LINK_OBJC_RUNTIME = NO;
				COMBINE_HIDPI_IMAGES = YES;
				CONFIGURATION_BUILD_DIR = "$(PROJECT_DIR)/build/$(CONFIGURATION)";
				DEAD_CODE_STRIPPING = YES;
				FRAMEWORK_SEARCH_PATHS = (
					"@loader_path/../Frameworks",
					"$(inherited)",
				);
				GCC_GENERATE_DEBUGGING_SYMBOLS = NO;
				GCC_OPTIMIZATION_LEVEL = 3;
				GCC_PREPROCESSOR_DEFINITIONS = (
					"_NDEBUG=1",
					"NDEBUG=1",
					"JUCER_XCODE_MAC_F6D2F4CF=1",
					"JUCE_APP_VERSION=1.0.0",
					"JUCE_APP_VERSION_HEX=0x10000",
					"JucePlugin_Build_VST=0",
					"JucePlugin_Build_VST3=0",
					"JucePlugin_Build_AU=0",
					"JucePlugin_Build_AUv3=0",
					"JucePlugin_Build_RTAS=0",
					"JucePlugin_Build_AAX=0",
					"JucePlugin_Build_Standalone=1",
					"JucePlugin_Build_Unity=0",
				);
				GCC_SYMBOLS_PRIVATE_EXTERN = YES;
				GCC_VERSION = com.apple.compilers.llvm.clang.1_0;
				HEADER_SEARCH_PATHS = (
					/Users/joerg/developer/lib/VST_SDK/VST3_SDK,
					../../JuceLibraryCode,
					/Users/joerg/developer/lib/JUCE/modules,
					/usr/local/include,
					/Users/joerg/developer/lib/JUCE/modules/juce_audio_plugin_client,
					"$(inherited)",
				);
				INFOPLIST_FILE = "Info-Standalone_Plugin.plist";
				INFOPLIST_PREPROCESS = NO;
				LLVM_LTO = YES;
				MACOSX_DEPLOYMENT_TARGET = 10.11;
				OTHER_LDFLAGS = (
					"-lLinearPredictionCoder",
					"-L/usr/local/lib/",
					"-rpath",
					"@loader_path/../Frameworks",
					"-lsoundpipe",
					"-lsndfile",
				);
				PRODUCT_BUNDLE_IDENTIFIER = com.jpiringer.LinearPredictionCoder;
				PRODUCT_NAME = LinearPredictionCoder;
				USE_HEADERMAP = NO;
			};
			name = Release;
		};
		3D74AF7013A0608579EC6099 /* Debug */ = {
			isa = XCBuildConfiguration;
			buildSettings = {
				CLANG_CXX_LANGUAGE_STANDARD = "c++14";
				CLANG_CXX_LIBRARY = "libc++";
				CLANG_LINK_OBJC_RUNTIME = NO;
				COMBINE_HIDPI_IMAGES = YES;
				CONFIGURATION_BUILD_DIR = "$(PROJECT_DIR)/build/$(CONFIGURATION)";
				COPY_PHASE_STRIP = NO;
				FRAMEWORK_SEARCH_PATHS = (
					"@loader_path/../Frameworks",
					"$(inherited)",
				);
				GCC_DYNAMIC_NO_PIC = NO;
				GCC_OPTIMIZATION_LEVEL = 0;
				GCC_PREPROCESSOR_DEFINITIONS = (
					"_DEBUG=1",
					"DEBUG=1",
					"JUCER_XCODE_MAC_F6D2F4CF=1",
					"JUCE_APP_VERSION=1.0.0",
					"JUCE_APP_VERSION_HEX=0x10000",
					"JucePlugin_Build_VST=0",
					"JucePlugin_Build_VST3=0",
					"JucePlugin_Build_AU=0",
					"JucePlugin_Build_AUv3=0",
					"JucePlugin_Build_RTAS=0",
					"JucePlugin_Build_AAX=0",
					"JucePlugin_Build_Standalone=1",
					"JucePlugin_Build_Unity=0",
				);
				GCC_VERSION = com.apple.compilers.llvm.clang.1_0;
				HEADER_SEARCH_PATHS = (
					/Users/joerg/developer/lib/VST_SDK/VST3_SDK,
					../../JuceLibraryCode,
					/Users/joerg/developer/lib/JUCE/modules,
					/usr/local/include,
					/Users/joerg/developer/lib/JUCE/modules/juce_audio_plugin_client,
					"$(inherited)",
				);
				INFOPLIST_FILE = "Info-Standalone_Plugin.plist";
				INFOPLIST_PREPROCESS = NO;
				MACOSX_DEPLOYMENT_TARGET = 10.11;
				OTHER_LDFLAGS = (
					"-lLinearPredictionCoder",
					"-L/usr/local/lib/",
					"-rpath",
					"@loader_path/../Frameworks",
					"-lsoundpipe",
					"-lsndfile",
				);
				PRODUCT_BUNDLE_IDENTIFIER = com.jpiringer.LinearPredictionCoder;
				PRODUCT_NAME = LinearPredictionCoder;
				USE_HEADERMAP = NO;
			};
			name = Debug;
		};
		43AF2FBB61F5713A977734ED /* Debug */ = {
			isa = XCBuildConfiguration;
			buildSettings = {
				MACOSX_DEPLOYMENT_TARGET = 10.11;
			};
			name = Debug;
		};
		56E415316A0AD2ADFE5DB038 /* Debug */ = {
			isa = XCBuildConfiguration;
			buildSettings = {
				CLANG_CXX_LANGUAGE_STANDARD = "c++14";
				CLANG_CXX_LIBRARY = "libc++";
				CLANG_LINK_OBJC_RUNTIME = NO;
				COMBINE_HIDPI_IMAGES = YES;
				CONFIGURATION_BUILD_DIR = "$(PROJECT_DIR)/build/$(CONFIGURATION)";
				COPY_PHASE_STRIP = NO;
				FRAMEWORK_SEARCH_PATHS = (
					"@loader_path/../Frameworks",
					"$(inherited)",
				);
				GCC_DYNAMIC_NO_PIC = NO;
				GCC_OPTIMIZATION_LEVEL = 0;
				GCC_PREPROCESSOR_DEFINITIONS = (
					"_DEBUG=1",
					"DEBUG=1",
					"JUCER_XCODE_MAC_F6D2F4CF=1",
					"JUCE_APP_VERSION=1.0.0",
					"JUCE_APP_VERSION_HEX=0x10000",
					"JucePlugin_Build_VST=0",
					"JucePlugin_Build_VST3=1",
					"JucePlugin_Build_AU=1",
					"JucePlugin_Build_AUv3=0",
					"JucePlugin_Build_RTAS=0",
					"JucePlugin_Build_AAX=0",
					"JucePlugin_Build_Standalone=1",
					"JucePlugin_Build_Unity=0",
					"JUCE_SHARED_CODE=1",
				);
				GCC_VERSION = com.apple.compilers.llvm.clang.1_0;
				HEADER_SEARCH_PATHS = (
					/Users/joerg/developer/lib/VST_SDK/VST3_SDK,
					../../JuceLibraryCode,
					/Users/joerg/developer/lib/JUCE/modules,
					/usr/local/include,
					/Users/joerg/developer/lib/JUCE/modules/juce_audio_plugin_client,
					"$(inherited)",
				);
				INSTALL_PATH = "@executable_path/../Frameworks";
				LD_RUNPATH_SEARCH_PATHS = "$(inherited) @executable_path/Frameworks @executable_path/../Frameworks";
				MACOSX_DEPLOYMENT_TARGET = 10.11;
				OTHER_LDFLAGS = (
					"-L/usr/local/lib/",
					"-rpath",
					"@loader_path/../Frameworks",
					"-lsoundpipe",
					"-lsndfile",
				);
				PRODUCT_BUNDLE_IDENTIFIER = com.jpiringer.LinearPredictionCoder;
				PRODUCT_NAME = LinearPredictionCoder;
				SKIP_INSTALL = YES;
				USE_HEADERMAP = NO;
			};
			name = Debug;
		};
		5D1B814077B0686CEEEAE9F8 /* Release */ = {
			isa = XCBuildConfiguration;
			buildSettings = {
				ALWAYS_SEARCH_USER_PATHS = NO;
				CLANG_ENABLE_OBJC_WEAK = YES;
				CLANG_WARN_BLOCK_CAPTURE_AUTORELEASING = YES;
				CLANG_WARN_BOOL_CONVERSION = YES;
				CLANG_WARN_COMMA = YES;
				CLANG_WARN_CONSTANT_CONVERSION = YES;
				CLANG_WARN_DEPRECATED_OBJC_IMPLEMENTATIONS = YES;
				CLANG_WARN_EMPTY_BODY = YES;
				CLANG_WARN_ENUM_CONVERSION = YES;
				CLANG_WARN_INFINITE_RECURSION = YES;
				CLANG_WARN_INT_CONVERSION = YES;
				CLANG_WARN_NON_LITERAL_NULL_CONVERSION = YES;
				CLANG_WARN_OBJC_IMPLICIT_RETAIN_SELF = YES;
				CLANG_WARN_OBJC_LITERAL_CONVERSION = YES;
				CLANG_WARN_RANGE_LOOP_ANALYSIS = YES;
				CLANG_WARN_STRICT_PROTOTYPES = YES;
				CLANG_WARN_SUSPICIOUS_MOVE = YES;
				CLANG_WARN_UNREACHABLE_CODE = YES;
				CLANG_WARN__DUPLICATE_METHOD_MATCH = YES;
				DEBUG_INFORMATION_FORMAT = dwarf;
				ENABLE_STRICT_OBJC_MSGSEND = YES;
				GCC_C_LANGUAGE_STANDARD = c11;
				GCC_INLINES_ARE_PRIVATE_EXTERN = YES;
				GCC_MODEL_TUNING = G5;
				GCC_NO_COMMON_BLOCKS = YES;
				GCC_WARN_64_TO_32_BIT_CONVERSION = YES;
				GCC_WARN_ABOUT_RETURN_TYPE = YES;
				GCC_WARN_CHECK_SWITCH_STATEMENTS = YES;
				GCC_WARN_MISSING_PARENTHESES = YES;
				GCC_WARN_NON_VIRTUAL_DESTRUCTOR = YES;
				GCC_WARN_TYPECHECK_CALLS_TO_PRINTF = YES;
				GCC_WARN_UNDECLARED_SELECTOR = YES;
				GCC_WARN_UNINITIALIZED_AUTOS = YES;
				GCC_WARN_UNUSED_FUNCTION = YES;
				GCC_WARN_UNUSED_VARIABLE = YES;
				PRODUCT_NAME = LinearPredictionCoder;
				WARNING_CFLAGS = "-Wreorder";
				ZERO_LINK = NO;
			};
			name = Release;
		};
		60E5307132DA0AC1F51CDF5A /* Debug */ = {
			isa = XCBuildConfiguration;
			buildSettings = {
				CLANG_CXX_LANGUAGE_STANDARD = "c++14";
				CLANG_CXX_LIBRARY = "libc++";
				CLANG_LINK_OBJC_RUNTIME = NO;
				COMBINE_HIDPI_IMAGES = YES;
				CONFIGURATION_BUILD_DIR = "$(PROJECT_DIR)/build/$(CONFIGURATION)";
				COPY_PHASE_STRIP = NO;
				DEPLOYMENT_LOCATION = YES;
				DSTROOT = /;
				FRAMEWORK_SEARCH_PATHS = (
					"@loader_path/../Frameworks",
					"$(inherited)",
				);
				GCC_DYNAMIC_NO_PIC = NO;
				GCC_OPTIMIZATION_LEVEL = 0;
				GCC_PREPROCESSOR_DEFINITIONS = (
					"_DEBUG=1",
					"DEBUG=1",
					"JUCER_XCODE_MAC_F6D2F4CF=1",
					"JUCE_APP_VERSION=1.0.0",
					"JUCE_APP_VERSION_HEX=0x10000",
					"JucePlugin_Build_VST=0",
					"JucePlugin_Build_VST3=0",
					"JucePlugin_Build_AU=1",
					"JucePlugin_Build_AUv3=0",
					"JucePlugin_Build_RTAS=0",
					"JucePlugin_Build_AAX=0",
					"JucePlugin_Build_Standalone=0",
					"JucePlugin_Build_Unity=0",
				);
				GCC_VERSION = com.apple.compilers.llvm.clang.1_0;
				GENERATE_PKGINFO_FILE = YES;
				HEADER_SEARCH_PATHS = (
					/Users/joerg/developer/lib/VST_SDK/VST3_SDK,
					../../JuceLibraryCode,
					/Users/joerg/developer/lib/JUCE/modules,
					/usr/local/include,
					/Users/joerg/developer/lib/JUCE/modules/juce_audio_plugin_client,
					"$(inherited)",
				);
				INFOPLIST_FILE = "Info-AU.plist";
				INFOPLIST_PREPROCESS = NO;
				INSTALL_PATH = "$(HOME)/Library/Audio/Plug-Ins/Components/";
				LD_RUNPATH_SEARCH_PATHS = "$(inherited) @executable_path/Frameworks @executable_path/../Frameworks";
				LIBRARY_STYLE = Bundle;
				MACOSX_DEPLOYMENT_TARGET = 10.11;
				OTHER_LDFLAGS = (
					"-bundle",
					"-lLinearPredictionCoder",
					"-L/usr/local/lib/",
					"-rpath",
					"@loader_path/../Frameworks",
					"-lsoundpipe",
					"-lsndfile",
				);
				OTHER_REZFLAGS = "-d ppc_$ppc -d i386_$i386 -d ppc64_$ppc64 -d x86_64_$x86_64 -I /System/Library/Frameworks/CoreServices.framework/Frameworks/CarbonCore.framework/Versions/A/Headers -I \"$(DEVELOPER_DIR)/Extras/CoreAudio/AudioUnits/AUPublic/AUBase\"";
				PRODUCT_BUNDLE_IDENTIFIER = com.jpiringer.LinearPredictionCoder;
				PRODUCT_NAME = LinearPredictionCoder;
				USE_HEADERMAP = NO;
				WRAPPER_EXTENSION = component;
			};
			name = Debug;
		};
		8CF0F05B2F5E61BAD1109070 /* Release */ = {
			isa = XCBuildConfiguration;
			buildSettings = {
				CLANG_CXX_LANGUAGE_STANDARD = "c++14";
				CLANG_CXX_LIBRARY = "libc++";
				CLANG_LINK_OBJC_RUNTIME = NO;
				COMBINE_HIDPI_IMAGES = YES;
				CONFIGURATION_BUILD_DIR = "$(PROJECT_DIR)/build/$(CONFIGURATION)";
				DEAD_CODE_STRIPPING = YES;
				DEPLOYMENT_LOCATION = YES;
				DSTROOT = /;
				FRAMEWORK_SEARCH_PATHS = (
					"@loader_path/../Frameworks",
					"$(inherited)",
				);
				GCC_GENERATE_DEBUGGING_SYMBOLS = NO;
				GCC_OPTIMIZATION_LEVEL = 3;
				GCC_PREPROCESSOR_DEFINITIONS = (
					"_NDEBUG=1",
					"NDEBUG=1",
					"JUCER_XCODE_MAC_F6D2F4CF=1",
					"JUCE_APP_VERSION=1.0.0",
					"JUCE_APP_VERSION_HEX=0x10000",
					"JucePlugin_Build_VST=0",
					"JucePlugin_Build_VST3=0",
					"JucePlugin_Build_AU=1",
					"JucePlugin_Build_AUv3=0",
					"JucePlugin_Build_RTAS=0",
					"JucePlugin_Build_AAX=0",
					"JucePlugin_Build_Standalone=0",
					"JucePlugin_Build_Unity=0",
				);
				GCC_SYMBOLS_PRIVATE_EXTERN = YES;
				GCC_VERSION = com.apple.compilers.llvm.clang.1_0;
				GENERATE_PKGINFO_FILE = YES;
				HEADER_SEARCH_PATHS = (
					/Users/joerg/developer/lib/VST_SDK/VST3_SDK,
					../../JuceLibraryCode,
					/Users/joerg/developer/lib/JUCE/modules,
					/usr/local/include,
					/Users/joerg/developer/lib/JUCE/modules/juce_audio_plugin_client,
					"$(inherited)",
				);
				INFOPLIST_FILE = "Info-AU.plist";
				INFOPLIST_PREPROCESS = NO;
				INSTALL_PATH = "$(HOME)/Library/Audio/Plug-Ins/Components/";
				LD_RUNPATH_SEARCH_PATHS = "$(inherited) @executable_path/Frameworks @executable_path/../Frameworks";
				LIBRARY_STYLE = Bundle;
				LLVM_LTO = YES;
				MACOSX_DEPLOYMENT_TARGET = 10.11;
				OTHER_LDFLAGS = (
					"-bundle",
					"-lLinearPredictionCoder",
					"-L/usr/local/lib/",
					"-rpath",
					"@loader_path/../Frameworks",
					"-lsoundpipe",
					"-lsndfile",
				);
				OTHER_REZFLAGS = "-d ppc_$ppc -d i386_$i386 -d ppc64_$ppc64 -d x86_64_$x86_64 -I /System/Library/Frameworks/CoreServices.framework/Frameworks/CarbonCore.framework/Versions/A/Headers -I \"$(DEVELOPER_DIR)/Extras/CoreAudio/AudioUnits/AUPublic/AUBase\"";
				PRODUCT_BUNDLE_IDENTIFIER = com.jpiringer.LinearPredictionCoder;
				PRODUCT_NAME = LinearPredictionCoder;
				USE_HEADERMAP = NO;
				WRAPPER_EXTENSION = component;
			};
			name = Release;
		};
		8D54D0288A297E79E95C61DC /* Release */ = {
			isa = XCBuildConfiguration;
			buildSettings = {
				MACOSX_DEPLOYMENT_TARGET = 10.11;
			};
			name = Release;
		};
		9C1537D161E2605B43F162A3 /* Release */ = {
			isa = XCBuildConfiguration;
			buildSettings = {
				CLANG_CXX_LANGUAGE_STANDARD = "c++14";
				CLANG_CXX_LIBRARY = "libc++";
				CLANG_LINK_OBJC_RUNTIME = NO;
				COMBINE_HIDPI_IMAGES = YES;
				CONFIGURATION_BUILD_DIR = "$(PROJECT_DIR)/build/$(CONFIGURATION)";
				DEAD_CODE_STRIPPING = YES;
				DEPLOYMENT_LOCATION = YES;
				DSTROOT = /;
				FRAMEWORK_SEARCH_PATHS = (
					"@loader_path/../Frameworks",
					"$(inherited)",
				);
				GCC_GENERATE_DEBUGGING_SYMBOLS = NO;
				GCC_OPTIMIZATION_LEVEL = 3;
				GCC_PREPROCESSOR_DEFINITIONS = (
					"_NDEBUG=1",
					"NDEBUG=1",
					"JUCER_XCODE_MAC_F6D2F4CF=1",
					"JUCE_APP_VERSION=1.0.0",
					"JUCE_APP_VERSION_HEX=0x10000",
					"JucePlugin_Build_VST=0",
					"JucePlugin_Build_VST3=1",
					"JucePlugin_Build_AU=0",
					"JucePlugin_Build_AUv3=0",
					"JucePlugin_Build_RTAS=0",
					"JucePlugin_Build_AAX=0",
					"JucePlugin_Build_Standalone=0",
					"JucePlugin_Build_Unity=0",
				);
				GCC_SYMBOLS_PRIVATE_EXTERN = YES;
				GCC_VERSION = com.apple.compilers.llvm.clang.1_0;
				GENERATE_PKGINFO_FILE = YES;
				HEADER_SEARCH_PATHS = (
					/Users/joerg/developer/lib/VST_SDK/VST3_SDK,
					../../JuceLibraryCode,
					/Users/joerg/developer/lib/JUCE/modules,
					/usr/local/include,
					/Users/joerg/developer/lib/JUCE/modules/juce_audio_plugin_client,
					"$(inherited)",
				);
				INFOPLIST_FILE = "Info-VST3.plist";
				INFOPLIST_PREPROCESS = NO;
				INSTALL_PATH = "$(HOME)/Library/Audio/Plug-Ins/VST3/";
				LD_RUNPATH_SEARCH_PATHS = "$(inherited) @executable_path/Frameworks @executable_path/../Frameworks";
				LIBRARY_STYLE = Bundle;
				LLVM_LTO = YES;
				MACOSX_DEPLOYMENT_TARGET = 10.11;
				OTHER_LDFLAGS = (
					"-bundle",
					"-lLinearPredictionCoder",
					"-L/usr/local/lib/",
					"-rpath",
					"@loader_path/../Frameworks",
					"-lsoundpipe",
					"-lsndfile",
				);
				PRODUCT_BUNDLE_IDENTIFIER = com.jpiringer.LinearPredictionCoder;
				PRODUCT_NAME = LinearPredictionCoder;
				USE_HEADERMAP = NO;
				WRAPPER_EXTENSION = vst3;
			};
			name = Release;
		};
		B224FDDCA61B7F97C04156B3 /* Release */ = {
			isa = XCBuildConfiguration;
			buildSettings = {
				CLANG_CXX_LANGUAGE_STANDARD = "c++14";
				CLANG_CXX_LIBRARY = "libc++";
				CLANG_LINK_OBJC_RUNTIME = NO;
				COMBINE_HIDPI_IMAGES = YES;
				CONFIGURATION_BUILD_DIR = "$(PROJECT_DIR)/build/$(CONFIGURATION)";
				DEAD_CODE_STRIPPING = YES;
				FRAMEWORK_SEARCH_PATHS = (
					"@loader_path/../Frameworks",
					"$(inherited)",
				);
				GCC_GENERATE_DEBUGGING_SYMBOLS = NO;
				GCC_OPTIMIZATION_LEVEL = 3;
				GCC_PREPROCESSOR_DEFINITIONS = (
					"_NDEBUG=1",
					"NDEBUG=1",
					"JUCER_XCODE_MAC_F6D2F4CF=1",
					"JUCE_APP_VERSION=1.0.0",
					"JUCE_APP_VERSION_HEX=0x10000",
					"JucePlugin_Build_VST=0",
					"JucePlugin_Build_VST3=1",
					"JucePlugin_Build_AU=1",
					"JucePlugin_Build_AUv3=0",
					"JucePlugin_Build_RTAS=0",
					"JucePlugin_Build_AAX=0",
					"JucePlugin_Build_Standalone=1",
					"JucePlugin_Build_Unity=0",
					"JUCE_SHARED_CODE=1",
				);
				GCC_SYMBOLS_PRIVATE_EXTERN = YES;
				GCC_VERSION = com.apple.compilers.llvm.clang.1_0;
				HEADER_SEARCH_PATHS = (
					/Users/joerg/developer/lib/VST_SDK/VST3_SDK,
					../../JuceLibraryCode,
					/Users/joerg/developer/lib/JUCE/modules,
					/usr/local/include,
					/Users/joerg/developer/lib/JUCE/modules/juce_audio_plugin_client,
					"$(inherited)",
				);
				INSTALL_PATH = "@executable_path/../Frameworks";
				LD_RUNPATH_SEARCH_PATHS = "$(inherited) @executable_path/Frameworks @executable_path/../Frameworks";
				LLVM_LTO = YES;
				MACOSX_DEPLOYMENT_TARGET = 10.11;
				OTHER_LDFLAGS = (
					"-L/usr/local/lib/",
					"-rpath",
					"@loader_path/../Frameworks",
					"-lsoundpipe",
					"-lsndfile",
				);
				PRODUCT_BUNDLE_IDENTIFIER = com.jpiringer.LinearPredictionCoder;
				PRODUCT_NAME = LinearPredictionCoder;
				SKIP_INSTALL = YES;
				USE_HEADERMAP = NO;
			};
			name = Release;
		};
		FA5CFE56FD90EDCC05F80F4B /* Debug */ = {
			isa = XCBuildConfiguration;
			buildSettings = {
				ALWAYS_SEARCH_USER_PATHS = NO;
				CLANG_ENABLE_OBJC_WEAK = YES;
				CLANG_WARN_BLOCK_CAPTURE_AUTORELEASING = YES;
				CLANG_WARN_BOOL_CONVERSION = YES;
				CLANG_WARN_COMMA = YES;
				CLANG_WARN_CONSTANT_CONVERSION = YES;
				CLANG_WARN_DEPRECATED_OBJC_IMPLEMENTATIONS = YES;
				CLANG_WARN_EMPTY_BODY = YES;
				CLANG_WARN_ENUM_CONVERSION = YES;
				CLANG_WARN_INFINITE_RECURSION = YES;
				CLANG_WARN_INT_CONVERSION = YES;
				CLANG_WARN_NON_LITERAL_NULL_CONVERSION = YES;
				CLANG_WARN_OBJC_IMPLICIT_RETAIN_SELF = YES;
				CLANG_WARN_OBJC_LITERAL_CONVERSION = YES;
				CLANG_WARN_RANGE_LOOP_ANALYSIS = YES;
				CLANG_WARN_STRICT_PROTOTYPES = YES;
				CLANG_WARN_SUSPICIOUS_MOVE = YES;
				CLANG_WARN_UNREACHABLE_CODE = YES;
				CLANG_WARN__DUPLICATE_METHOD_MATCH = YES;
				DEBUG_INFORMATION_FORMAT = dwarf;
				ENABLE_STRICT_OBJC_MSGSEND = YES;
				ENABLE_TESTABILITY = YES;
				GCC_C_LANGUAGE_STANDARD = c11;
				GCC_INLINES_ARE_PRIVATE_EXTERN = YES;
				GCC_MODEL_TUNING = G5;
				GCC_NO_COMMON_BLOCKS = YES;
				GCC_WARN_64_TO_32_BIT_CONVERSION = YES;
				GCC_WARN_ABOUT_RETURN_TYPE = YES;
				GCC_WARN_CHECK_SWITCH_STATEMENTS = YES;
				GCC_WARN_MISSING_PARENTHESES = YES;
				GCC_WARN_NON_VIRTUAL_DESTRUCTOR = YES;
				GCC_WARN_TYPECHECK_CALLS_TO_PRINTF = YES;
				GCC_WARN_UNDECLARED_SELECTOR = YES;
				GCC_WARN_UNINITIALIZED_AUTOS = YES;
				GCC_WARN_UNUSED_FUNCTION = YES;
				GCC_WARN_UNUSED_VARIABLE = YES;
				ONLY_ACTIVE_ARCH = YES;
				PRODUCT_NAME = LinearPredictionCoder;
				WARNING_CFLAGS = "-Wreorder";
				ZERO_LINK = NO;
			};
			name = Debug;
		};
/* End XCBuildConfiguration section */

/* Begin XCConfigurationList section */
		036E760AD5F9F5BF2592E3B8 /* Build configuration list for PBXNativeTarget "LinearPredictionCoder - Standalone Plugin" */ = {
			isa = XCConfigurationList;
			buildConfigurations = (
				3D74AF7013A0608579EC6099 /* Debug */,
				3A58C3A30FCAC88E6089BA51 /* Release */,
			);
			defaultConfigurationIsVisible = 0;
			defaultConfigurationName = Debug;
		};
		1BF4A20B1C184DF0ECC6B060 /* Build configuration list for PBXNativeTarget "LinearPredictionCoder - VST3" */ = {
			isa = XCConfigurationList;
			buildConfigurations = (
				1B382BDC6C0E8D31AF044EEC /* Debug */,
				9C1537D161E2605B43F162A3 /* Release */,
			);
			defaultConfigurationIsVisible = 0;
			defaultConfigurationName = Debug;
		};
		ACE06EB482E5A168BB1586E9 /* Build configuration list for PBXNativeTarget "LinearPredictionCoder - Shared Code" */ = {
			isa = XCConfigurationList;
			buildConfigurations = (
				56E415316A0AD2ADFE5DB038 /* Debug */,
				B224FDDCA61B7F97C04156B3 /* Release */,
			);
			defaultConfigurationIsVisible = 0;
			defaultConfigurationName = Debug;
		};
		E937E9C1CEC1D49E4B8787A5 /* Build configuration list for PBXAggregateTarget "LinearPredictionCoder - All" */ = {
			isa = XCConfigurationList;
			buildConfigurations = (
				43AF2FBB61F5713A977734ED /* Debug */,
				8D54D0288A297E79E95C61DC /* Release */,
			);
			defaultConfigurationIsVisible = 0;
			defaultConfigurationName = Debug;
		};
		F23D27720AB60DCBA6ED46C2 /* Build configuration list for PBXNativeTarget "LinearPredictionCoder - AU" */ = {
			isa = XCConfigurationList;
			buildConfigurations = (
				60E5307132DA0AC1F51CDF5A /* Debug */,
				8CF0F05B2F5E61BAD1109070 /* Release */,
			);
			defaultConfigurationIsVisible = 0;
			defaultConfigurationName = Debug;
		};
		FB515D61E900D779B6258FB7 /* Build configuration list for PBXProject "LinearPredictionCoder" */ = {
			isa = XCConfigurationList;
			buildConfigurations = (
				FA5CFE56FD90EDCC05F80F4B /* Debug */,
				5D1B814077B0686CEEEAE9F8 /* Release */,
			);
			defaultConfigurationIsVisible = 0;
			defaultConfigurationName = Debug;
		};
/* End XCConfigurationList section */
	};
	rootObject = 4D6104ECD2DEFDD7D6E81462 /* Project object */;
}
